// !$*UTF8*$!
{
	archiveVersion = 1;
	classes = {
	};
	objectVersion = 46;
	objects = {

/* Begin PBXBuildFile section */
		35158A231D1BD7BC0068AFD6 /* NSArray+XL.m in Sources */ = {isa = PBXBuildFile; fileRef = 35158A061D1BD7BC0068AFD6 /* NSArray+XL.m */; };
		35158A241D1BD7BC0068AFD6 /* NSDate+XL.m in Sources */ = {isa = PBXBuildFile; fileRef = 35158A081D1BD7BC0068AFD6 /* NSDate+XL.m */; };
		35158A251D1BD7BC0068AFD6 /* NSMutableArray+XL.m in Sources */ = {isa = PBXBuildFile; fileRef = 35158A0A1D1BD7BC0068AFD6 /* NSMutableArray+XL.m */; };
		35158A261D1BD7BC0068AFD6 /* NSString+XL.m in Sources */ = {isa = PBXBuildFile; fileRef = 35158A0C1D1BD7BC0068AFD6 /* NSString+XL.m */; };
		35158A271D1BD7BC0068AFD6 /* UIButton+XLsn0w.m in Sources */ = {isa = PBXBuildFile; fileRef = 35158A0E1D1BD7BC0068AFD6 /* UIButton+XLsn0w.m */; };
		35158A281D1BD7BC0068AFD6 /* UIColor+XLsn0w.m in Sources */ = {isa = PBXBuildFile; fileRef = 35158A101D1BD7BC0068AFD6 /* UIColor+XLsn0w.m */; };
		35158A291D1BD7BC0068AFD6 /* UIImage+XLImage.m in Sources */ = {isa = PBXBuildFile; fileRef = 35158A121D1BD7BC0068AFD6 /* UIImage+XLImage.m */; };
		35158A2A1D1BD7BC0068AFD6 /* UIImage+XLsn0w.m in Sources */ = {isa = PBXBuildFile; fileRef = 35158A141D1BD7BC0068AFD6 /* UIImage+XLsn0w.m */; };
		35158A2B1D1BD7BC0068AFD6 /* UIImageView+XLPlaceholder.m in Sources */ = {isa = PBXBuildFile; fileRef = 35158A161D1BD7BC0068AFD6 /* UIImageView+XLPlaceholder.m */; };
		35158A2C1D1BD7BC0068AFD6 /* UILabel+XLsn0w.m in Sources */ = {isa = PBXBuildFile; fileRef = 35158A181D1BD7BC0068AFD6 /* UILabel+XLsn0w.m */; };
		35158A2D1D1BD7BC0068AFD6 /* UINavigationBar+BarStatus.m in Sources */ = {isa = PBXBuildFile; fileRef = 35158A1A1D1BD7BC0068AFD6 /* UINavigationBar+BarStatus.m */; };
		35158A2E1D1BD7BC0068AFD6 /* UINavigationController+HandleNavBack.m in Sources */ = {isa = PBXBuildFile; fileRef = 35158A1C1D1BD7BC0068AFD6 /* UINavigationController+HandleNavBack.m */; };
		35158A2F1D1BD7BC0068AFD6 /* UITabBarController+NavTabBarItem.m in Sources */ = {isa = PBXBuildFile; fileRef = 35158A1E1D1BD7BC0068AFD6 /* UITabBarController+NavTabBarItem.m */; };
		35158A301D1BD7BC0068AFD6 /* UIView+XLsn0w.m in Sources */ = {isa = PBXBuildFile; fileRef = 35158A201D1BD7BC0068AFD6 /* UIView+XLsn0w.m */; };
		35158A311D1BD7BC0068AFD6 /* UIViewController+SafeTransition.m in Sources */ = {isa = PBXBuildFile; fileRef = 35158A221D1BD7BC0068AFD6 /* UIViewController+SafeTransition.m */; };
		35158A691D1BD8350068AFD6 /* User.m in Sources */ = {isa = PBXBuildFile; fileRef = 35158A621D1BD8350068AFD6 /* User.m */; };
		35158A6A1D1BD8350068AFD6 /* XLDataBase.m in Sources */ = {isa = PBXBuildFile; fileRef = 35158A641D1BD8350068AFD6 /* XLDataBase.m */; };
		35158A6B1D1BD8350068AFD6 /* XLDBModel.m in Sources */ = {isa = PBXBuildFile; fileRef = 35158A661D1BD8350068AFD6 /* XLDBModel.m */; };
		35158A6C1D1BD8350068AFD6 /* XLDBModelManager.m in Sources */ = {isa = PBXBuildFile; fileRef = 35158A681D1BD8350068AFD6 /* XLDBModelManager.m */; };
		35158A741D1BD8870068AFD6 /* XLCalendar.m in Sources */ = {isa = PBXBuildFile; fileRef = 35158A6F1D1BD8870068AFD6 /* XLCalendar.m */; };
		35158A751D1BD8870068AFD6 /* XLDateTime.m in Sources */ = {isa = PBXBuildFile; fileRef = 35158A711D1BD8870068AFD6 /* XLDateTime.m */; };
		35158A761D1BD8870068AFD6 /* XLMethods.m in Sources */ = {isa = PBXBuildFile; fileRef = 35158A731D1BD8870068AFD6 /* XLMethods.m */; };
		35158A821D1BD8C50068AFD6 /* XLCalendarView.m in Sources */ = {isa = PBXBuildFile; fileRef = 35158A791D1BD8C50068AFD6 /* XLCalendarView.m */; };
		35158A831D1BD8C50068AFD6 /* XLCollectionViewCell.m in Sources */ = {isa = PBXBuildFile; fileRef = 35158A7B1D1BD8C50068AFD6 /* XLCollectionViewCell.m */; };
		35158A841D1BD8C50068AFD6 /* XLPickerView.m in Sources */ = {isa = PBXBuildFile; fileRef = 35158A7D1D1BD8C50068AFD6 /* XLPickerView.m */; };
		35158A851D1BD8C50068AFD6 /* XLSelectSheet.m in Sources */ = {isa = PBXBuildFile; fileRef = 35158A7F1D1BD8C50068AFD6 /* XLSelectSheet.m */; };
		35158A861D1BD8C50068AFD6 /* XLTextField.m in Sources */ = {isa = PBXBuildFile; fileRef = 35158A811D1BD8C50068AFD6 /* XLTextField.m */; };
		35158A8C1D1BD9130068AFD6 /* XLCollectionViewController.m in Sources */ = {isa = PBXBuildFile; fileRef = 35158A891D1BD9130068AFD6 /* XLCollectionViewController.m */; };
		35158A8D1D1BD9130068AFD6 /* XLNavigationController.m in Sources */ = {isa = PBXBuildFile; fileRef = 35158A8B1D1BD9130068AFD6 /* XLNavigationController.m */; };
		35158A911D1BD94A0068AFD6 /* XLNetworkingManager.m in Sources */ = {isa = PBXBuildFile; fileRef = 35158A901D1BD94A0068AFD6 /* XLNetworkingManager.m */; };
		359876041D1BA44200C2EC10 /* main.m in Sources */ = {isa = PBXBuildFile; fileRef = 359876031D1BA44200C2EC10 /* main.m */; };
		359876071D1BA44200C2EC10 /* AppDelegate.m in Sources */ = {isa = PBXBuildFile; fileRef = 359876061D1BA44200C2EC10 /* AppDelegate.m */; };
		359876091D1BA44200C2EC10 /* Assets.xcassets in Resources */ = {isa = PBXBuildFile; fileRef = 359876081D1BA44200C2EC10 /* Assets.xcassets */; };
		3598760C1D1BA44200C2EC10 /* LaunchScreen.storyboard in Resources */ = {isa = PBXBuildFile; fileRef = 3598760A1D1BA44200C2EC10 /* LaunchScreen.storyboard */; };
		359876151D1BA44F00C2EC10 /* XLsn0wViewController.m in Sources */ = {isa = PBXBuildFile; fileRef = 359876141D1BA44F00C2EC10 /* XLsn0wViewController.m */; };
		35F36BA71D1CDA70002F16D1 /* NSDictionary+XLsn0w.m in Sources */ = {isa = PBXBuildFile; fileRef = 35F36BA61D1CDA70002F16D1 /* NSDictionary+XLsn0w.m */; };
		F059AEEA7C221137E0C88D87 /* libPods.a in Frameworks */ = {isa = PBXBuildFile; fileRef = 403D6A043485232A2D1E7029 /* libPods.a */; };
/* End PBXBuildFile section */

/* Begin PBXFileReference section */
		35158A051D1BD7BC0068AFD6 /* NSArray+XL.h */ = {isa = PBXFileReference; fileEncoding = 4; lastKnownFileType = sourcecode.c.h; path = "NSArray+XL.h"; sourceTree = "<group>"; };
		35158A061D1BD7BC0068AFD6 /* NSArray+XL.m */ = {isa = PBXFileReference; fileEncoding = 4; lastKnownFileType = sourcecode.c.objc; path = "NSArray+XL.m"; sourceTree = "<group>"; };
		35158A071D1BD7BC0068AFD6 /* NSDate+XL.h */ = {isa = PBXFileReference; fileEncoding = 4; lastKnownFileType = sourcecode.c.h; path = "NSDate+XL.h"; sourceTree = "<group>"; };
		35158A081D1BD7BC0068AFD6 /* NSDate+XL.m */ = {isa = PBXFileReference; fileEncoding = 4; lastKnownFileType = sourcecode.c.objc; path = "NSDate+XL.m"; sourceTree = "<group>"; };
		35158A091D1BD7BC0068AFD6 /* NSMutableArray+XL.h */ = {isa = PBXFileReference; fileEncoding = 4; lastKnownFileType = sourcecode.c.h; path = "NSMutableArray+XL.h"; sourceTree = "<group>"; };
		35158A0A1D1BD7BC0068AFD6 /* NSMutableArray+XL.m */ = {isa = PBXFileReference; fileEncoding = 4; lastKnownFileType = sourcecode.c.objc; path = "NSMutableArray+XL.m"; sourceTree = "<group>"; };
		35158A0B1D1BD7BC0068AFD6 /* NSString+XL.h */ = {isa = PBXFileReference; fileEncoding = 4; lastKnownFileType = sourcecode.c.h; path = "NSString+XL.h"; sourceTree = "<group>"; };
		35158A0C1D1BD7BC0068AFD6 /* NSString+XL.m */ = {isa = PBXFileReference; fileEncoding = 4; lastKnownFileType = sourcecode.c.objc; path = "NSString+XL.m"; sourceTree = "<group>"; };
		35158A0D1D1BD7BC0068AFD6 /* UIButton+XLsn0w.h */ = {isa = PBXFileReference; fileEncoding = 4; lastKnownFileType = sourcecode.c.h; path = "UIButton+XLsn0w.h"; sourceTree = "<group>"; };
		35158A0E1D1BD7BC0068AFD6 /* UIButton+XLsn0w.m */ = {isa = PBXFileReference; fileEncoding = 4; lastKnownFileType = sourcecode.c.objc; path = "UIButton+XLsn0w.m"; sourceTree = "<group>"; };
		35158A0F1D1BD7BC0068AFD6 /* UIColor+XLsn0w.h */ = {isa = PBXFileReference; fileEncoding = 4; lastKnownFileType = sourcecode.c.h; path = "UIColor+XLsn0w.h"; sourceTree = "<group>"; };
		35158A101D1BD7BC0068AFD6 /* UIColor+XLsn0w.m */ = {isa = PBXFileReference; fileEncoding = 4; lastKnownFileType = sourcecode.c.objc; path = "UIColor+XLsn0w.m"; sourceTree = "<group>"; };
		35158A111D1BD7BC0068AFD6 /* UIImage+XLImage.h */ = {isa = PBXFileReference; fileEncoding = 4; lastKnownFileType = sourcecode.c.h; path = "UIImage+XLImage.h"; sourceTree = "<group>"; };
		35158A121D1BD7BC0068AFD6 /* UIImage+XLImage.m */ = {isa = PBXFileReference; fileEncoding = 4; lastKnownFileType = sourcecode.c.objc; path = "UIImage+XLImage.m"; sourceTree = "<group>"; };
		35158A131D1BD7BC0068AFD6 /* UIImage+XLsn0w.h */ = {isa = PBXFileReference; fileEncoding = 4; lastKnownFileType = sourcecode.c.h; path = "UIImage+XLsn0w.h"; sourceTree = "<group>"; };
		35158A141D1BD7BC0068AFD6 /* UIImage+XLsn0w.m */ = {isa = PBXFileReference; fileEncoding = 4; lastKnownFileType = sourcecode.c.objc; path = "UIImage+XLsn0w.m"; sourceTree = "<group>"; };
		35158A151D1BD7BC0068AFD6 /* UIImageView+XLPlaceholder.h */ = {isa = PBXFileReference; fileEncoding = 4; lastKnownFileType = sourcecode.c.h; path = "UIImageView+XLPlaceholder.h"; sourceTree = "<group>"; };
		35158A161D1BD7BC0068AFD6 /* UIImageView+XLPlaceholder.m */ = {isa = PBXFileReference; fileEncoding = 4; lastKnownFileType = sourcecode.c.objc; path = "UIImageView+XLPlaceholder.m"; sourceTree = "<group>"; };
		35158A171D1BD7BC0068AFD6 /* UILabel+XLsn0w.h */ = {isa = PBXFileReference; fileEncoding = 4; lastKnownFileType = sourcecode.c.h; path = "UILabel+XLsn0w.h"; sourceTree = "<group>"; };
		35158A181D1BD7BC0068AFD6 /* UILabel+XLsn0w.m */ = {isa = PBXFileReference; fileEncoding = 4; lastKnownFileType = sourcecode.c.objc; path = "UILabel+XLsn0w.m"; sourceTree = "<group>"; };
		35158A191D1BD7BC0068AFD6 /* UINavigationBar+BarStatus.h */ = {isa = PBXFileReference; fileEncoding = 4; lastKnownFileType = sourcecode.c.h; path = "UINavigationBar+BarStatus.h"; sourceTree = "<group>"; };
		35158A1A1D1BD7BC0068AFD6 /* UINavigationBar+BarStatus.m */ = {isa = PBXFileReference; fileEncoding = 4; lastKnownFileType = sourcecode.c.objc; path = "UINavigationBar+BarStatus.m"; sourceTree = "<group>"; };
		35158A1B1D1BD7BC0068AFD6 /* UINavigationController+HandleNavBack.h */ = {isa = PBXFileReference; fileEncoding = 4; lastKnownFileType = sourcecode.c.h; path = "UINavigationController+HandleNavBack.h"; sourceTree = "<group>"; };
		35158A1C1D1BD7BC0068AFD6 /* UINavigationController+HandleNavBack.m */ = {isa = PBXFileReference; fileEncoding = 4; lastKnownFileType = sourcecode.c.objc; path = "UINavigationController+HandleNavBack.m"; sourceTree = "<group>"; };
		35158A1D1D1BD7BC0068AFD6 /* UITabBarController+NavTabBarItem.h */ = {isa = PBXFileReference; fileEncoding = 4; lastKnownFileType = sourcecode.c.h; path = "UITabBarController+NavTabBarItem.h"; sourceTree = "<group>"; };
		35158A1E1D1BD7BC0068AFD6 /* UITabBarController+NavTabBarItem.m */ = {isa = PBXFileReference; fileEncoding = 4; lastKnownFileType = sourcecode.c.objc; path = "UITabBarController+NavTabBarItem.m"; sourceTree = "<group>"; };
		35158A1F1D1BD7BC0068AFD6 /* UIView+XLsn0w.h */ = {isa = PBXFileReference; fileEncoding = 4; lastKnownFileType = sourcecode.c.h; path = "UIView+XLsn0w.h"; sourceTree = "<group>"; };
		35158A201D1BD7BC0068AFD6 /* UIView+XLsn0w.m */ = {isa = PBXFileReference; fileEncoding = 4; lastKnownFileType = sourcecode.c.objc; path = "UIView+XLsn0w.m"; sourceTree = "<group>"; };
		35158A211D1BD7BC0068AFD6 /* UIViewController+SafeTransition.h */ = {isa = PBXFileReference; fileEncoding = 4; lastKnownFileType = sourcecode.c.h; path = "UIViewController+SafeTransition.h"; sourceTree = "<group>"; };
		35158A221D1BD7BC0068AFD6 /* UIViewController+SafeTransition.m */ = {isa = PBXFileReference; fileEncoding = 4; lastKnownFileType = sourcecode.c.objc; path = "UIViewController+SafeTransition.m"; sourceTree = "<group>"; };
		35158A611D1BD8350068AFD6 /* User.h */ = {isa = PBXFileReference; fileEncoding = 4; lastKnownFileType = sourcecode.c.h; path = User.h; sourceTree = "<group>"; };
		35158A621D1BD8350068AFD6 /* User.m */ = {isa = PBXFileReference; fileEncoding = 4; lastKnownFileType = sourcecode.c.objc; path = User.m; sourceTree = "<group>"; };
		35158A631D1BD8350068AFD6 /* XLDataBase.h */ = {isa = PBXFileReference; fileEncoding = 4; lastKnownFileType = sourcecode.c.h; path = XLDataBase.h; sourceTree = "<group>"; };
		35158A641D1BD8350068AFD6 /* XLDataBase.m */ = {isa = PBXFileReference; fileEncoding = 4; lastKnownFileType = sourcecode.c.objc; path = XLDataBase.m; sourceTree = "<group>"; };
		35158A651D1BD8350068AFD6 /* XLDBModel.h */ = {isa = PBXFileReference; fileEncoding = 4; lastKnownFileType = sourcecode.c.h; path = XLDBModel.h; sourceTree = "<group>"; };
		35158A661D1BD8350068AFD6 /* XLDBModel.m */ = {isa = PBXFileReference; fileEncoding = 4; lastKnownFileType = sourcecode.c.objc; path = XLDBModel.m; sourceTree = "<group>"; };
		35158A671D1BD8350068AFD6 /* XLDBModelManager.h */ = {isa = PBXFileReference; fileEncoding = 4; lastKnownFileType = sourcecode.c.h; path = XLDBModelManager.h; sourceTree = "<group>"; };
		35158A681D1BD8350068AFD6 /* XLDBModelManager.m */ = {isa = PBXFileReference; fileEncoding = 4; lastKnownFileType = sourcecode.c.objc; path = XLDBModelManager.m; sourceTree = "<group>"; };
		35158A6E1D1BD8870068AFD6 /* XLCalendar.h */ = {isa = PBXFileReference; fileEncoding = 4; lastKnownFileType = sourcecode.c.h; path = XLCalendar.h; sourceTree = "<group>"; };
		35158A6F1D1BD8870068AFD6 /* XLCalendar.m */ = {isa = PBXFileReference; fileEncoding = 4; lastKnownFileType = sourcecode.c.objc; path = XLCalendar.m; sourceTree = "<group>"; };
		35158A701D1BD8870068AFD6 /* XLDateTime.h */ = {isa = PBXFileReference; fileEncoding = 4; lastKnownFileType = sourcecode.c.h; path = XLDateTime.h; sourceTree = "<group>"; };
		35158A711D1BD8870068AFD6 /* XLDateTime.m */ = {isa = PBXFileReference; fileEncoding = 4; lastKnownFileType = sourcecode.c.objc; path = XLDateTime.m; sourceTree = "<group>"; };
		35158A721D1BD8870068AFD6 /* XLMethods.h */ = {isa = PBXFileReference; fileEncoding = 4; lastKnownFileType = sourcecode.c.h; path = XLMethods.h; sourceTree = "<group>"; };
		35158A731D1BD8870068AFD6 /* XLMethods.m */ = {isa = PBXFileReference; fileEncoding = 4; lastKnownFileType = sourcecode.c.objc; path = XLMethods.m; sourceTree = "<group>"; };
		35158A781D1BD8C50068AFD6 /* XLCalendarView.h */ = {isa = PBXFileReference; fileEncoding = 4; lastKnownFileType = sourcecode.c.h; path = XLCalendarView.h; sourceTree = "<group>"; };
		35158A791D1BD8C50068AFD6 /* XLCalendarView.m */ = {isa = PBXFileReference; fileEncoding = 4; lastKnownFileType = sourcecode.c.objc; path = XLCalendarView.m; sourceTree = "<group>"; };
		35158A7A1D1BD8C50068AFD6 /* XLCollectionViewCell.h */ = {isa = PBXFileReference; fileEncoding = 4; lastKnownFileType = sourcecode.c.h; path = XLCollectionViewCell.h; sourceTree = "<group>"; };
		35158A7B1D1BD8C50068AFD6 /* XLCollectionViewCell.m */ = {isa = PBXFileReference; fileEncoding = 4; lastKnownFileType = sourcecode.c.objc; path = XLCollectionViewCell.m; sourceTree = "<group>"; };
		35158A7C1D1BD8C50068AFD6 /* XLPickerView.h */ = {isa = PBXFileReference; fileEncoding = 4; lastKnownFileType = sourcecode.c.h; path = XLPickerView.h; sourceTree = "<group>"; };
		35158A7D1D1BD8C50068AFD6 /* XLPickerView.m */ = {isa = PBXFileReference; fileEncoding = 4; lastKnownFileType = sourcecode.c.objc; path = XLPickerView.m; sourceTree = "<group>"; };
		35158A7E1D1BD8C50068AFD6 /* XLSelectSheet.h */ = {isa = PBXFileReference; fileEncoding = 4; lastKnownFileType = sourcecode.c.h; path = XLSelectSheet.h; sourceTree = "<group>"; };
		35158A7F1D1BD8C50068AFD6 /* XLSelectSheet.m */ = {isa = PBXFileReference; fileEncoding = 4; lastKnownFileType = sourcecode.c.objc; path = XLSelectSheet.m; sourceTree = "<group>"; };
		35158A801D1BD8C50068AFD6 /* XLTextField.h */ = {isa = PBXFileReference; fileEncoding = 4; lastKnownFileType = sourcecode.c.h; path = XLTextField.h; sourceTree = "<group>"; };
		35158A811D1BD8C50068AFD6 /* XLTextField.m */ = {isa = PBXFileReference; fileEncoding = 4; lastKnownFileType = sourcecode.c.objc; path = XLTextField.m; sourceTree = "<group>"; };
		35158A881D1BD9130068AFD6 /* XLCollectionViewController.h */ = {isa = PBXFileReference; fileEncoding = 4; lastKnownFileType = sourcecode.c.h; path = XLCollectionViewController.h; sourceTree = "<group>"; };
		35158A891D1BD9130068AFD6 /* XLCollectionViewController.m */ = {isa = PBXFileReference; fileEncoding = 4; lastKnownFileType = sourcecode.c.objc; path = XLCollectionViewController.m; sourceTree = "<group>"; };
		35158A8A1D1BD9130068AFD6 /* XLNavigationController.h */ = {isa = PBXFileReference; fileEncoding = 4; lastKnownFileType = sourcecode.c.h; path = XLNavigationController.h; sourceTree = "<group>"; };
		35158A8B1D1BD9130068AFD6 /* XLNavigationController.m */ = {isa = PBXFileReference; fileEncoding = 4; lastKnownFileType = sourcecode.c.objc; path = XLNavigationController.m; sourceTree = "<group>"; };
		35158A8F1D1BD94A0068AFD6 /* XLNetworkingManager.h */ = {isa = PBXFileReference; fileEncoding = 4; lastKnownFileType = sourcecode.c.h; path = XLNetworkingManager.h; sourceTree = "<group>"; };
		35158A901D1BD94A0068AFD6 /* XLNetworkingManager.m */ = {isa = PBXFileReference; fileEncoding = 4; lastKnownFileType = sourcecode.c.objc; path = XLNetworkingManager.m; sourceTree = "<group>"; };
		3589B16F1D1BD55600BA6E82 /* XLsn0w.h */ = {isa = PBXFileReference; fileEncoding = 4; lastKnownFileType = sourcecode.c.h; path = XLsn0w.h; sourceTree = "<group>"; };
		359875FF1D1BA44200C2EC10 /* XLsn0w.app */ = {isa = PBXFileReference; explicitFileType = wrapper.application; includeInIndex = 0; path = XLsn0w.app; sourceTree = BUILT_PRODUCTS_DIR; };
		359876031D1BA44200C2EC10 /* main.m */ = {isa = PBXFileReference; lastKnownFileType = sourcecode.c.objc; path = main.m; sourceTree = "<group>"; };
		359876051D1BA44200C2EC10 /* AppDelegate.h */ = {isa = PBXFileReference; lastKnownFileType = sourcecode.c.h; path = AppDelegate.h; sourceTree = "<group>"; };
		359876061D1BA44200C2EC10 /* AppDelegate.m */ = {isa = PBXFileReference; lastKnownFileType = sourcecode.c.objc; path = AppDelegate.m; sourceTree = "<group>"; };
		359876081D1BA44200C2EC10 /* Assets.xcassets */ = {isa = PBXFileReference; lastKnownFileType = folder.assetcatalog; path = Assets.xcassets; sourceTree = "<group>"; };
		3598760B1D1BA44200C2EC10 /* Base */ = {isa = PBXFileReference; lastKnownFileType = file.storyboard; name = Base; path = Base.lproj/LaunchScreen.storyboard; sourceTree = "<group>"; };
		3598760D1D1BA44200C2EC10 /* Info.plist */ = {isa = PBXFileReference; lastKnownFileType = text.plist.xml; path = Info.plist; sourceTree = "<group>"; };
		359876131D1BA44F00C2EC10 /* XLsn0wViewController.h */ = {isa = PBXFileReference; fileEncoding = 4; lastKnownFileType = sourcecode.c.h; path = XLsn0wViewController.h; sourceTree = "<group>"; };
		359876141D1BA44F00C2EC10 /* XLsn0wViewController.m */ = {isa = PBXFileReference; fileEncoding = 4; lastKnownFileType = sourcecode.c.objc; path = XLsn0wViewController.m; sourceTree = "<group>"; };
		35A00E3B1D1BCBAB00E88F93 /* ChineseCalendar.sqlite */ = {isa = PBXFileReference; lastKnownFileType = file; path = ChineseCalendar.sqlite; sourceTree = "<group>"; };
		35F36BA51D1CDA70002F16D1 /* NSDictionary+XLsn0w.h */ = {isa = PBXFileReference; fileEncoding = 4; lastKnownFileType = sourcecode.c.h; path = "NSDictionary+XLsn0w.h"; sourceTree = "<group>"; };
		35F36BA61D1CDA70002F16D1 /* NSDictionary+XLsn0w.m */ = {isa = PBXFileReference; fileEncoding = 4; lastKnownFileType = sourcecode.c.objc; path = "NSDictionary+XLsn0w.m"; sourceTree = "<group>"; };
		403D6A043485232A2D1E7029 /* libPods.a */ = {isa = PBXFileReference; explicitFileType = archive.ar; includeInIndex = 0; path = libPods.a; sourceTree = BUILT_PRODUCTS_DIR; };
		691FDEB21C53CB6354F2EDDB /* Pods.release.xcconfig */ = {isa = PBXFileReference; includeInIndex = 1; lastKnownFileType = text.xcconfig; name = Pods.release.xcconfig; path = "Pods/Target Support Files/Pods/Pods.release.xcconfig"; sourceTree = "<group>"; };
		73CEE42F82173398B22BD2D8 /* Pods.debug.xcconfig */ = {isa = PBXFileReference; includeInIndex = 1; lastKnownFileType = text.xcconfig; name = Pods.debug.xcconfig; path = "Pods/Target Support Files/Pods/Pods.debug.xcconfig"; sourceTree = "<group>"; };
/* End PBXFileReference section */

/* Begin PBXFrameworksBuildPhase section */
		359875FC1D1BA44200C2EC10 /* Frameworks */ = {
			isa = PBXFrameworksBuildPhase;
			buildActionMask = 2147483647;
			files = (
				F059AEEA7C221137E0C88D87 /* libPods.a in Frameworks */,
			);
			runOnlyForDeploymentPostprocessing = 0;
		};
/* End PBXFrameworksBuildPhase section */

/* Begin PBXGroup section */
		35158A041D1BD7BC0068AFD6 /* Category */ = {
			isa = PBXGroup;
			children = (
				35158A051D1BD7BC0068AFD6 /* NSArray+XL.h */,
				35158A061D1BD7BC0068AFD6 /* NSArray+XL.m */,
				35158A071D1BD7BC0068AFD6 /* NSDate+XL.h */,
				35158A081D1BD7BC0068AFD6 /* NSDate+XL.m */,
				35158A091D1BD7BC0068AFD6 /* NSMutableArray+XL.h */,
				35158A0A1D1BD7BC0068AFD6 /* NSMutableArray+XL.m */,
				35158A0B1D1BD7BC0068AFD6 /* NSString+XL.h */,
				35158A0C1D1BD7BC0068AFD6 /* NSString+XL.m */,
				35158A0D1D1BD7BC0068AFD6 /* UIButton+XLsn0w.h */,
				35158A0E1D1BD7BC0068AFD6 /* UIButton+XLsn0w.m */,
				35158A0F1D1BD7BC0068AFD6 /* UIColor+XLsn0w.h */,
				35158A101D1BD7BC0068AFD6 /* UIColor+XLsn0w.m */,
				35158A111D1BD7BC0068AFD6 /* UIImage+XLImage.h */,
				35158A121D1BD7BC0068AFD6 /* UIImage+XLImage.m */,
				35158A131D1BD7BC0068AFD6 /* UIImage+XLsn0w.h */,
				35158A141D1BD7BC0068AFD6 /* UIImage+XLsn0w.m */,
				35158A151D1BD7BC0068AFD6 /* UIImageView+XLPlaceholder.h */,
				35158A161D1BD7BC0068AFD6 /* UIImageView+XLPlaceholder.m */,
				35158A171D1BD7BC0068AFD6 /* UILabel+XLsn0w.h */,
				35158A181D1BD7BC0068AFD6 /* UILabel+XLsn0w.m */,
				35158A191D1BD7BC0068AFD6 /* UINavigationBar+BarStatus.h */,
				35158A1A1D1BD7BC0068AFD6 /* UINavigationBar+BarStatus.m */,
				35158A1B1D1BD7BC0068AFD6 /* UINavigationController+HandleNavBack.h */,
				35158A1C1D1BD7BC0068AFD6 /* UINavigationController+HandleNavBack.m */,
				35158A1D1D1BD7BC0068AFD6 /* UITabBarController+NavTabBarItem.h */,
				35158A1E1D1BD7BC0068AFD6 /* UITabBarController+NavTabBarItem.m */,
				35158A1F1D1BD7BC0068AFD6 /* UIView+XLsn0w.h */,
				35158A201D1BD7BC0068AFD6 /* UIView+XLsn0w.m */,
				35158A211D1BD7BC0068AFD6 /* UIViewController+SafeTransition.h */,
				35158A221D1BD7BC0068AFD6 /* UIViewController+SafeTransition.m */,
				35F36BA51D1CDA70002F16D1 /* NSDictionary+XLsn0w.h */,
				35F36BA61D1CDA70002F16D1 /* NSDictionary+XLsn0w.m */,
			);
			path = Category;
			sourceTree = "<group>";
		};
		35158A601D1BD8350068AFD6 /* Database */ = {
			isa = PBXGroup;
			children = (
				35158A611D1BD8350068AFD6 /* User.h */,
				35158A621D1BD8350068AFD6 /* User.m */,
				35158A631D1BD8350068AFD6 /* XLDataBase.h */,
				35158A641D1BD8350068AFD6 /* XLDataBase.m */,
				35158A651D1BD8350068AFD6 /* XLDBModel.h */,
				35158A661D1BD8350068AFD6 /* XLDBModel.m */,
				35158A671D1BD8350068AFD6 /* XLDBModelManager.h */,
				35158A681D1BD8350068AFD6 /* XLDBModelManager.m */,
			);
			path = Database;
			sourceTree = "<group>";
		};
		35158A6D1D1BD8870068AFD6 /* NSObject */ = {
			isa = PBXGroup;
			children = (
				35158A6E1D1BD8870068AFD6 /* XLCalendar.h */,
				35158A6F1D1BD8870068AFD6 /* XLCalendar.m */,
				35158A701D1BD8870068AFD6 /* XLDateTime.h */,
				35158A711D1BD8870068AFD6 /* XLDateTime.m */,
				35158A721D1BD8870068AFD6 /* XLMethods.h */,
				35158A731D1BD8870068AFD6 /* XLMethods.m */,
			);
			path = NSObject;
			sourceTree = "<group>";
		};
		35158A771D1BD8C50068AFD6 /* UIView */ = {
			isa = PBXGroup;
			children = (
				35158A781D1BD8C50068AFD6 /* XLCalendarView.h */,
				35158A791D1BD8C50068AFD6 /* XLCalendarView.m */,
				35158A7A1D1BD8C50068AFD6 /* XLCollectionViewCell.h */,
				35158A7B1D1BD8C50068AFD6 /* XLCollectionViewCell.m */,
				35158A7C1D1BD8C50068AFD6 /* XLPickerView.h */,
				35158A7D1D1BD8C50068AFD6 /* XLPickerView.m */,
				35158A7E1D1BD8C50068AFD6 /* XLSelectSheet.h */,
				35158A7F1D1BD8C50068AFD6 /* XLSelectSheet.m */,
				35158A801D1BD8C50068AFD6 /* XLTextField.h */,
				35158A811D1BD8C50068AFD6 /* XLTextField.m */,
			);
			path = UIView;
			sourceTree = "<group>";
		};
		35158A871D1BD9130068AFD6 /* Controller */ = {
			isa = PBXGroup;
			children = (
				35158A8A1D1BD9130068AFD6 /* XLNavigationController.h */,
				35158A8B1D1BD9130068AFD6 /* XLNavigationController.m */,
				35158A881D1BD9130068AFD6 /* XLCollectionViewController.h */,
				35158A891D1BD9130068AFD6 /* XLCollectionViewController.m */,
			);
			path = Controller;
			sourceTree = "<group>";
		};
		35158A8E1D1BD94A0068AFD6 /* Network */ = {
			isa = PBXGroup;
			children = (
				35158A8F1D1BD94A0068AFD6 /* XLNetworkingManager.h */,
				35158A901D1BD94A0068AFD6 /* XLNetworkingManager.m */,
			);
			path = Network;
			sourceTree = "<group>";
		};
		3589B0831D1BD55600BA6E82 /* XLsn0wFramework */ = {
			isa = PBXGroup;
			children = (
				3589B16F1D1BD55600BA6E82 /* XLsn0w.h */,
				35158A8E1D1BD94A0068AFD6 /* Network */,
				35158A871D1BD9130068AFD6 /* Controller */,
				35158A771D1BD8C50068AFD6 /* UIView */,
				35158A6D1D1BD8870068AFD6 /* NSObject */,
				35158A601D1BD8350068AFD6 /* Database */,
				35158A041D1BD7BC0068AFD6 /* Category */,
			);
			path = XLsn0wFramework;
			sourceTree = "<group>";
		};
		359875F61D1BA44200C2EC10 = {
			isa = PBXGroup;
			children = (
				3589B0831D1BD55600BA6E82 /* XLsn0wFramework */,
				359876011D1BA44200C2EC10 /* XLsn0w */,
				359876001D1BA44200C2EC10 /* Products */,
				79767DB4E5E1C3D8C6B39F92 /* Pods */,
				3AE11E0F0C0B331024B5F16B /* Frameworks */,
			);
			sourceTree = "<group>";
		};
		359876001D1BA44200C2EC10 /* Products */ = {
			isa = PBXGroup;
			children = (
				359875FF1D1BA44200C2EC10 /* XLsn0w.app */,
			);
			name = Products;
			sourceTree = "<group>";
		};
		359876011D1BA44200C2EC10 /* XLsn0w */ = {
			isa = PBXGroup;
			children = (
				359876051D1BA44200C2EC10 /* AppDelegate.h */,
				359876061D1BA44200C2EC10 /* AppDelegate.m */,
				359876131D1BA44F00C2EC10 /* XLsn0wViewController.h */,
				359876141D1BA44F00C2EC10 /* XLsn0wViewController.m */,
				359876081D1BA44200C2EC10 /* Assets.xcassets */,
				3598760A1D1BA44200C2EC10 /* LaunchScreen.storyboard */,
				3598760D1D1BA44200C2EC10 /* Info.plist */,
				35A00E3A1D1BCBA400E88F93 /* XL */,
				359876021D1BA44200C2EC10 /* Supporting Files */,
			);
			path = XLsn0w;
			sourceTree = "<group>";
		};
		359876021D1BA44200C2EC10 /* Supporting Files */ = {
			isa = PBXGroup;
			children = (
				359876031D1BA44200C2EC10 /* main.m */,
			);
			name = "Supporting Files";
			sourceTree = "<group>";
		};
		35A00E3A1D1BCBA400E88F93 /* XL */ = {
			isa = PBXGroup;
			children = (
				35A00E3B1D1BCBAB00E88F93 /* ChineseCalendar.sqlite */,
			);
			path = XL;
			sourceTree = "<group>";
		};
		3AE11E0F0C0B331024B5F16B /* Frameworks */ = {
			isa = PBXGroup;
			children = (
				403D6A043485232A2D1E7029 /* libPods.a */,
			);
			name = Frameworks;
			sourceTree = "<group>";
		};
		79767DB4E5E1C3D8C6B39F92 /* Pods */ = {
			isa = PBXGroup;
			children = (
				73CEE42F82173398B22BD2D8 /* Pods.debug.xcconfig */,
				691FDEB21C53CB6354F2EDDB /* Pods.release.xcconfig */,
			);
			name = Pods;
			sourceTree = "<group>";
		};
/* End PBXGroup section */

/* Begin PBXNativeTarget section */
		359875FE1D1BA44200C2EC10 /* XLsn0w */ = {
			isa = PBXNativeTarget;
			buildConfigurationList = 359876101D1BA44200C2EC10 /* Build configuration list for PBXNativeTarget "XLsn0w" */;
			buildPhases = (
				F189550B27ECA015EE437540 /* Check Pods Manifest.lock */,
				359875FB1D1BA44200C2EC10 /* Sources */,
				359875FC1D1BA44200C2EC10 /* Frameworks */,
				359875FD1D1BA44200C2EC10 /* Resources */,
				1A3265F82970852508781F08 /* Embed Pods Frameworks */,
				BB971FB96F90CFF4801C71CC /* Copy Pods Resources */,
			);
			buildRules = (
			);
			dependencies = (
			);
			name = XLsn0w;
			productName = XLsn0w;
			productReference = 359875FF1D1BA44200C2EC10 /* XLsn0w.app */;
			productType = "com.apple.product-type.application";
		};
/* End PBXNativeTarget section */

/* Begin PBXProject section */
		359875F71D1BA44200C2EC10 /* Project object */ = {
			isa = PBXProject;
			attributes = {
				LastUpgradeCheck = 0730;
				ORGANIZATIONNAME = XLsn0w;
				TargetAttributes = {
					359875FE1D1BA44200C2EC10 = {
						CreatedOnToolsVersion = 7.3.1;
					};
				};
			};
			buildConfigurationList = 359875FA1D1BA44200C2EC10 /* Build configuration list for PBXProject "XLsn0w" */;
			compatibilityVersion = "Xcode 3.2";
			developmentRegion = English;
			hasScannedForEncodings = 0;
			knownRegions = (
				en,
				Base,
			);
			mainGroup = 359875F61D1BA44200C2EC10;
			productRefGroup = 359876001D1BA44200C2EC10 /* Products */;
			projectDirPath = "";
			projectRoot = "";
			targets = (
				359875FE1D1BA44200C2EC10 /* XLsn0w */,
			);
		};
/* End PBXProject section */

/* Begin PBXResourcesBuildPhase section */
		359875FD1D1BA44200C2EC10 /* Resources */ = {
			isa = PBXResourcesBuildPhase;
			buildActionMask = 2147483647;
			files = (
				359876091D1BA44200C2EC10 /* Assets.xcassets in Resources */,
				3598760C1D1BA44200C2EC10 /* LaunchScreen.storyboard in Resources */,
			);
			runOnlyForDeploymentPostprocessing = 0;
		};
/* End PBXResourcesBuildPhase section */

/* Begin PBXShellScriptBuildPhase section */
		1A3265F82970852508781F08 /* Embed Pods Frameworks */ = {
			isa = PBXShellScriptBuildPhase;
			buildActionMask = 2147483647;
			files = (
			);
			inputPaths = (
			);
			name = "Embed Pods Frameworks";
			outputPaths = (
			);
			runOnlyForDeploymentPostprocessing = 0;
			shellPath = /bin/sh;
			shellScript = "\"${SRCROOT}/Pods/Target Support Files/Pods/Pods-frameworks.sh\"\n";
			showEnvVarsInLog = 0;
		};
		BB971FB96F90CFF4801C71CC /* Copy Pods Resources */ = {
			isa = PBXShellScriptBuildPhase;
			buildActionMask = 2147483647;
			files = (
			);
			inputPaths = (
			);
			name = "Copy Pods Resources";
			outputPaths = (
			);
			runOnlyForDeploymentPostprocessing = 0;
			shellPath = /bin/sh;
			shellScript = "\"${SRCROOT}/Pods/Target Support Files/Pods/Pods-resources.sh\"\n";
			showEnvVarsInLog = 0;
		};
		F189550B27ECA015EE437540 /* Check Pods Manifest.lock */ = {
			isa = PBXShellScriptBuildPhase;
			buildActionMask = 2147483647;
			files = (
			);
			inputPaths = (
			);
			name = "Check Pods Manifest.lock";
			outputPaths = (
			);
			runOnlyForDeploymentPostprocessing = 0;
			shellPath = /bin/sh;
			shellScript = "diff \"${PODS_ROOT}/../Podfile.lock\" \"${PODS_ROOT}/Manifest.lock\" > /dev/null\nif [[ $? != 0 ]] ; then\n    cat << EOM\nerror: The sandbox is not in sync with the Podfile.lock. Run 'pod install' or update your CocoaPods installation.\nEOM\n    exit 1\nfi\n";
			showEnvVarsInLog = 0;
		};
/* End PBXShellScriptBuildPhase section */

/* Begin PBXSourcesBuildPhase section */
		359875FB1D1BA44200C2EC10 /* Sources */ = {
			isa = PBXSourcesBuildPhase;
			buildActionMask = 2147483647;
			files = (
				35158A841D1BD8C50068AFD6 /* XLPickerView.m in Sources */,
				35158A831D1BD8C50068AFD6 /* XLCollectionViewCell.m in Sources */,
				35158A2D1D1BD7BC0068AFD6 /* UINavigationBar+BarStatus.m in Sources */,
				35158A301D1BD7BC0068AFD6 /* UIView+XLsn0w.m in Sources */,
				35158A691D1BD8350068AFD6 /* User.m in Sources */,
				35158A861D1BD8C50068AFD6 /* XLTextField.m in Sources */,
				35158A8C1D1BD9130068AFD6 /* XLCollectionViewController.m in Sources */,
				35158A6B1D1BD8350068AFD6 /* XLDBModel.m in Sources */,
				35158A8D1D1BD9130068AFD6 /* XLNavigationController.m in Sources */,
				35158A851D1BD8C50068AFD6 /* XLSelectSheet.m in Sources */,
				35F36BA71D1CDA70002F16D1 /* NSDictionary+XLsn0w.m in Sources */,
				35158A2C1D1BD7BC0068AFD6 /* UILabel+XLsn0w.m in Sources */,
				35158A2F1D1BD7BC0068AFD6 /* UITabBarController+NavTabBarItem.m in Sources */,
				35158A311D1BD7BC0068AFD6 /* UIViewController+SafeTransition.m in Sources */,
				35158A6C1D1BD8350068AFD6 /* XLDBModelManager.m in Sources */,
				35158A271D1BD7BC0068AFD6 /* UIButton+XLsn0w.m in Sources */,
				35158A281D1BD7BC0068AFD6 /* UIColor+XLsn0w.m in Sources */,
				35158A2B1D1BD7BC0068AFD6 /* UIImageView+XLPlaceholder.m in Sources */,
				359876151D1BA44F00C2EC10 /* XLsn0wViewController.m in Sources */,
				35158A821D1BD8C50068AFD6 /* XLCalendarView.m in Sources */,
				35158A241D1BD7BC0068AFD6 /* NSDate+XL.m in Sources */,
				35158A761D1BD8870068AFD6 /* XLMethods.m in Sources */,
				359876071D1BA44200C2EC10 /* AppDelegate.m in Sources */,
				35158A261D1BD7BC0068AFD6 /* NSString+XL.m in Sources */,
				35158A2A1D1BD7BC0068AFD6 /* UIImage+XLsn0w.m in Sources */,
				35158A6A1D1BD8350068AFD6 /* XLDataBase.m in Sources */,
				359876041D1BA44200C2EC10 /* main.m in Sources */,
				35158A751D1BD8870068AFD6 /* XLDateTime.m in Sources */,
				35158A741D1BD8870068AFD6 /* XLCalendar.m in Sources */,
				35158A251D1BD7BC0068AFD6 /* NSMutableArray+XL.m in Sources */,
				35158A911D1BD94A0068AFD6 /* XLNetworkingManager.m in Sources */,
				35158A291D1BD7BC0068AFD6 /* UIImage+XLImage.m in Sources */,
				35158A231D1BD7BC0068AFD6 /* NSArray+XL.m in Sources */,
				35158A2E1D1BD7BC0068AFD6 /* UINavigationController+HandleNavBack.m in Sources */,
			);
			runOnlyForDeploymentPostprocessing = 0;
		};
/* End PBXSourcesBuildPhase section */

/* Begin PBXVariantGroup section */
		3598760A1D1BA44200C2EC10 /* LaunchScreen.storyboard */ = {
			isa = PBXVariantGroup;
			children = (
				3598760B1D1BA44200C2EC10 /* Base */,
			);
			name = LaunchScreen.storyboard;
			sourceTree = "<group>";
		};
/* End PBXVariantGroup section */

/* Begin XCBuildConfiguration section */
		3598760E1D1BA44200C2EC10 /* Debug */ = {
			isa = XCBuildConfiguration;
			buildSettings = {
				ALWAYS_SEARCH_USER_PATHS = NO;
				CLANG_ANALYZER_NONNULL = YES;
				CLANG_CXX_LANGUAGE_STANDARD = "gnu++0x";
				CLANG_CXX_LIBRARY = "libc++";
				CLANG_ENABLE_MODULES = YES;
				CLANG_ENABLE_OBJC_ARC = YES;
				CLANG_WARN_BOOL_CONVERSION = YES;
				CLANG_WARN_CONSTANT_CONVERSION = YES;
				CLANG_WARN_DIRECT_OBJC_ISA_USAGE = YES_ERROR;
				CLANG_WARN_EMPTY_BODY = YES;
				CLANG_WARN_ENUM_CONVERSION = YES;
				CLANG_WARN_INT_CONVERSION = YES;
				CLANG_WARN_OBJC_ROOT_CLASS = YES_ERROR;
				CLANG_WARN_UNREACHABLE_CODE = YES;
				CLANG_WARN__DUPLICATE_METHOD_MATCH = YES;
				"CODE_SIGN_IDENTITY[sdk=iphoneos*]" = "iPhone Developer";
				COPY_PHASE_STRIP = NO;
				DEBUG_INFORMATION_FORMAT = dwarf;
				ENABLE_STRICT_OBJC_MSGSEND = YES;
				ENABLE_TESTABILITY = YES;
				GCC_C_LANGUAGE_STANDARD = gnu99;
				GCC_DYNAMIC_NO_PIC = NO;
				GCC_NO_COMMON_BLOCKS = YES;
				GCC_OPTIMIZATION_LEVEL = 0;
				GCC_PREPROCESSOR_DEFINITIONS = (
					"DEBUG=1",
					"$(inherited)",
				);
				GCC_WARN_64_TO_32_BIT_CONVERSION = YES;
				GCC_WARN_ABOUT_RETURN_TYPE = YES_ERROR;
				GCC_WARN_UNDECLARED_SELECTOR = YES;
				GCC_WARN_UNINITIALIZED_AUTOS = YES_AGGRESSIVE;
				GCC_WARN_UNUSED_FUNCTION = YES;
				GCC_WARN_UNUSED_VARIABLE = YES;
				IPHONEOS_DEPLOYMENT_TARGET = 9.3;
				MTL_ENABLE_DEBUG_INFO = YES;
				ONLY_ACTIVE_ARCH = YES;
				SDKROOT = iphoneos;
			};
			name = Debug;
		};
		3598760F1D1BA44200C2EC10 /* Release */ = {
			isa = XCBuildConfiguration;
			buildSettings = {
				ALWAYS_SEARCH_USER_PATHS = NO;
				CLANG_ANALYZER_NONNULL = YES;
				CLANG_CXX_LANGUAGE_STANDARD = "gnu++0x";
				CLANG_CXX_LIBRARY = "libc++";
				CLANG_ENABLE_MODULES = YES;
				CLANG_ENABLE_OBJC_ARC = YES;
				CLANG_WARN_BOOL_CONVERSION = YES;
				CLANG_WARN_CONSTANT_CONVERSION = YES;
				CLANG_WARN_DIRECT_OBJC_ISA_USAGE = YES_ERROR;
				CLANG_WARN_EMPTY_BODY = YES;
				CLANG_WARN_ENUM_CONVERSION = YES;
				CLANG_WARN_INT_CONVERSION = YES;
				CLANG_WARN_OBJC_ROOT_CLASS = YES_ERROR;
				CLANG_WARN_UNREACHABLE_CODE = YES;
				CLANG_WARN__DUPLICATE_METHOD_MATCH = YES;
				"CODE_SIGN_IDENTITY[sdk=iphoneos*]" = "iPhone Developer";
				COPY_PHASE_STRIP = NO;
				DEBUG_INFORMATION_FORMAT = "dwarf-with-dsym";
				ENABLE_NS_ASSERTIONS = NO;
				ENABLE_STRICT_OBJC_MSGSEND = YES;
				GCC_C_LANGUAGE_STANDARD = gnu99;
				GCC_NO_COMMON_BLOCKS = YES;
				GCC_WARN_64_TO_32_BIT_CONVERSION = YES;
				GCC_WARN_ABOUT_RETURN_TYPE = YES_ERROR;
				GCC_WARN_UNDECLARED_SELECTOR = YES;
				GCC_WARN_UNINITIALIZED_AUTOS = YES_AGGRESSIVE;
				GCC_WARN_UNUSED_FUNCTION = YES;
				GCC_WARN_UNUSED_VARIABLE = YES;
				IPHONEOS_DEPLOYMENT_TARGET = 9.3;
				MTL_ENABLE_DEBUG_INFO = NO;
				SDKROOT = iphoneos;
				VALIDATE_PRODUCT = YES;
			};
			name = Release;
		};
		359876111D1BA44200C2EC10 /* Debug */ = {
			isa = XCBuildConfiguration;
			baseConfigurationReference = 73CEE42F82173398B22BD2D8 /* Pods.debug.xcconfig */;
			buildSettings = {
				ASSETCATALOG_COMPILER_APPICON_NAME = AppIcon;
				INFOPLIST_FILE = XLsn0w/Info.plist;
				IPHONEOS_DEPLOYMENT_TARGET = 7.0;
				LD_RUNPATH_SEARCH_PATHS = "$(inherited) @executable_path/Frameworks";
				PRODUCT_BUNDLE_IDENTIFIER = com.xlsn0w.XLsn0w;
				PRODUCT_NAME = "$(TARGET_NAME)";
			};
			name = Debug;
		};
		359876121D1BA44200C2EC10 /* Release */ = {
			isa = XCBuildConfiguration;
			baseConfigurationReference = 691FDEB21C53CB6354F2EDDB /* Pods.release.xcconfig */;
			buildSettings = {
				ASSETCATALOG_COMPILER_APPICON_NAME = AppIcon;
				INFOPLIST_FILE = XLsn0w/Info.plist;
				IPHONEOS_DEPLOYMENT_TARGET = 7.0;
				LD_RUNPATH_SEARCH_PATHS = "$(inherited) @executable_path/Frameworks";
				PRODUCT_BUNDLE_IDENTIFIER = com.xlsn0w.XLsn0w;
				PRODUCT_NAME = "$(TARGET_NAME)";
			};
			name = Release;
		};
/* End XCBuildConfiguration section */

/* Begin XCConfigurationList section */
		359875FA1D1BA44200C2EC10 /* Build configuration list for PBXProject "XLsn0w" */ = {
			isa = XCConfigurationList;
			buildConfigurations = (
				3598760E1D1BA44200C2EC10 /* Debug */,
				3598760F1D1BA44200C2EC10 /* Release */,
			);
			defaultConfigurationIsVisible = 0;
			defaultConfigurationName = Release;
		};
		359876101D1BA44200C2EC10 /* Build configuration list for PBXNativeTarget "XLsn0w" */ = {
			isa = XCConfigurationList;
			buildConfigurations = (
				359876111D1BA44200C2EC10 /* Debug */,
				359876121D1BA44200C2EC10 /* Release */,
			);
			defaultConfigurationIsVisible = 0;
			defaultConfigurationName = Release;
		};
/* End XCConfigurationList section */
	};
	rootObject = 359875F71D1BA44200C2EC10 /* Project object */;
}
