// !$*UTF8*$!
{
	archiveVersion = 1;
	classes = {
	};
	objectVersion = 46;
	objects = {

/* Begin PBXBuildFile section */
		35364F351D1BAE1A00A79579 /* main.m in Sources */ = {isa = PBXBuildFile; fileRef = 35364F341D1BAE1A00A79579 /* main.m */; };
		35364F381D1BAE1A00A79579 /* AppDelegate.m in Sources */ = {isa = PBXBuildFile; fileRef = 35364F371D1BAE1A00A79579 /* AppDelegate.m */; };
		35364F3A1D1BAE1A00A79579 /* Assets.xcassets in Resources */ = {isa = PBXBuildFile; fileRef = 35364F391D1BAE1A00A79579 /* Assets.xcassets */; };
		35364F3D1D1BAE1A00A79579 /* LaunchScreen.storyboard in Resources */ = {isa = PBXBuildFile; fileRef = 35364F3B1D1BAE1A00A79579 /* LaunchScreen.storyboard */; };
		35364F461D1BAE2600A79579 /* XLsn0wViewController.m in Sources */ = {isa = PBXBuildFile; fileRef = 35364F451D1BAE2600A79579 /* XLsn0wViewController.m */; };
		35B792431D1BB27B003335CC /* ChineseCalendar.sqlite in Resources */ = {isa = PBXBuildFile; fileRef = 35B792031D1BB27B003335CC /* ChineseCalendar.sqlite */; };
		35B792441D1BB27B003335CC /* MBProgressHUD+ShowText.m in Sources */ = {isa = PBXBuildFile; fileRef = 35B792051D1BB27B003335CC /* MBProgressHUD+ShowText.m */; };
		35B792451D1BB27B003335CC /* NSArray+XL.m in Sources */ = {isa = PBXBuildFile; fileRef = 35B792071D1BB27B003335CC /* NSArray+XL.m */; };
		35B792461D1BB27B003335CC /* NSDate+XL.m in Sources */ = {isa = PBXBuildFile; fileRef = 35B792091D1BB27B003335CC /* NSDate+XL.m */; };
		35B792471D1BB27B003335CC /* NSMutableArray+XL.m in Sources */ = {isa = PBXBuildFile; fileRef = 35B7920B1D1BB27B003335CC /* NSMutableArray+XL.m */; };
		35B792481D1BB27B003335CC /* NSString+XL.m in Sources */ = {isa = PBXBuildFile; fileRef = 35B7920D1D1BB27B003335CC /* NSString+XL.m */; };
		35B792491D1BB27B003335CC /* UIButton+XLsn0w.m in Sources */ = {isa = PBXBuildFile; fileRef = 35B7920F1D1BB27B003335CC /* UIButton+XLsn0w.m */; };
		35B7924A1D1BB27B003335CC /* UIColor+XLsn0w.m in Sources */ = {isa = PBXBuildFile; fileRef = 35B792111D1BB27B003335CC /* UIColor+XLsn0w.m */; };
		35B7924B1D1BB27B003335CC /* UIImage+XLImage.m in Sources */ = {isa = PBXBuildFile; fileRef = 35B792131D1BB27B003335CC /* UIImage+XLImage.m */; };
		35B7924C1D1BB27B003335CC /* UIImage+XLsn0w.m in Sources */ = {isa = PBXBuildFile; fileRef = 35B792151D1BB27B003335CC /* UIImage+XLsn0w.m */; };
		35B7924D1D1BB27B003335CC /* UIImageView+XLPlaceholder.m in Sources */ = {isa = PBXBuildFile; fileRef = 35B792171D1BB27B003335CC /* UIImageView+XLPlaceholder.m */; };
		35B7924E1D1BB27B003335CC /* UILabel+XLsn0w.m in Sources */ = {isa = PBXBuildFile; fileRef = 35B792191D1BB27B003335CC /* UILabel+XLsn0w.m */; };
		35B7924F1D1BB27B003335CC /* UINavigationBar+BarStatus.m in Sources */ = {isa = PBXBuildFile; fileRef = 35B7921B1D1BB27B003335CC /* UINavigationBar+BarStatus.m */; };
		35B792501D1BB27B003335CC /* UINavigationController+HandleNavBack.m in Sources */ = {isa = PBXBuildFile; fileRef = 35B7921D1D1BB27B003335CC /* UINavigationController+HandleNavBack.m */; };
		35B792511D1BB27B003335CC /* UITabBarController+NavTabBarItem.m in Sources */ = {isa = PBXBuildFile; fileRef = 35B7921F1D1BB27B003335CC /* UITabBarController+NavTabBarItem.m */; };
		35B792521D1BB27B003335CC /* UIView+XLsn0w.m in Sources */ = {isa = PBXBuildFile; fileRef = 35B792211D1BB27B003335CC /* UIView+XLsn0w.m */; };
		35B792531D1BB27B003335CC /* UIViewController+SafeTransition.m in Sources */ = {isa = PBXBuildFile; fileRef = 35B792231D1BB27B003335CC /* UIViewController+SafeTransition.m */; };
		35B792541D1BB27B003335CC /* User.m in Sources */ = {isa = PBXBuildFile; fileRef = 35B792251D1BB27B003335CC /* User.m */; };
		35B792551D1BB27B003335CC /* XLCalendar.m in Sources */ = {isa = PBXBuildFile; fileRef = 35B792271D1BB27B003335CC /* XLCalendar.m */; };
		35B792561D1BB27B003335CC /* XLCalendarView.m in Sources */ = {isa = PBXBuildFile; fileRef = 35B792291D1BB27B003335CC /* XLCalendarView.m */; };
		35B792571D1BB27B003335CC /* XLCollectionViewCell.m in Sources */ = {isa = PBXBuildFile; fileRef = 35B7922B1D1BB27B003335CC /* XLCollectionViewCell.m */; };
		35B792581D1BB27B003335CC /* XLCollectionViewController.m in Sources */ = {isa = PBXBuildFile; fileRef = 35B7922D1D1BB27B003335CC /* XLCollectionViewController.m */; };
		35B792591D1BB27B003335CC /* XLDataBase.m in Sources */ = {isa = PBXBuildFile; fileRef = 35B7922F1D1BB27B003335CC /* XLDataBase.m */; };
		35B7925A1D1BB27B003335CC /* XLDateTime.m in Sources */ = {isa = PBXBuildFile; fileRef = 35B792311D1BB27B003335CC /* XLDateTime.m */; };
		35B7925B1D1BB27B003335CC /* XLDBModel.m in Sources */ = {isa = PBXBuildFile; fileRef = 35B792331D1BB27B003335CC /* XLDBModel.m */; };
		35B7925C1D1BB27B003335CC /* XLDBModelManager.m in Sources */ = {isa = PBXBuildFile; fileRef = 35B792351D1BB27B003335CC /* XLDBModelManager.m */; };
		35B7925D1D1BB27B003335CC /* XLMethods.m in Sources */ = {isa = PBXBuildFile; fileRef = 35B792371D1BB27B003335CC /* XLMethods.m */; };
		35B7925E1D1BB27B003335CC /* XLNavigationController.m in Sources */ = {isa = PBXBuildFile; fileRef = 35B792391D1BB27B003335CC /* XLNavigationController.m */; };
		35B7925F1D1BB27B003335CC /* XLNetworkingManager.m in Sources */ = {isa = PBXBuildFile; fileRef = 35B7923B1D1BB27B003335CC /* XLNetworkingManager.m */; };
		35B792601D1BB27B003335CC /* XLPickerView.m in Sources */ = {isa = PBXBuildFile; fileRef = 35B7923D1D1BB27B003335CC /* XLPickerView.m */; };
		35B792611D1BB27B003335CC /* XLSelectSheet.m in Sources */ = {isa = PBXBuildFile; fileRef = 35B7923F1D1BB27B003335CC /* XLSelectSheet.m */; };
		35B792621D1BB27B003335CC /* XLTextField.m in Sources */ = {isa = PBXBuildFile; fileRef = 35B792421D1BB27B003335CC /* XLTextField.m */; };
		7E2576878628951CABEE60C5 /* libPods.a in Frameworks */ = {isa = PBXBuildFile; fileRef = BFBD7F07A9ED8CB65BB13C92 /* libPods.a */; };
/* End PBXBuildFile section */

/* Begin PBXFileReference section */
		35364F301D1BAE1A00A79579 /* XLsn0w.app */ = {isa = PBXFileReference; explicitFileType = wrapper.application; includeInIndex = 0; path = XLsn0w.app; sourceTree = BUILT_PRODUCTS_DIR; };
		35364F341D1BAE1A00A79579 /* main.m */ = {isa = PBXFileReference; lastKnownFileType = sourcecode.c.objc; path = main.m; sourceTree = "<group>"; };
		35364F361D1BAE1A00A79579 /* AppDelegate.h */ = {isa = PBXFileReference; lastKnownFileType = sourcecode.c.h; path = AppDelegate.h; sourceTree = "<group>"; };
		35364F371D1BAE1A00A79579 /* AppDelegate.m */ = {isa = PBXFileReference; lastKnownFileType = sourcecode.c.objc; path = AppDelegate.m; sourceTree = "<group>"; };
		35364F391D1BAE1A00A79579 /* Assets.xcassets */ = {isa = PBXFileReference; lastKnownFileType = folder.assetcatalog; path = Assets.xcassets; sourceTree = "<group>"; };
		35364F3C1D1BAE1A00A79579 /* Base */ = {isa = PBXFileReference; lastKnownFileType = file.storyboard; name = Base; path = Base.lproj/LaunchScreen.storyboard; sourceTree = "<group>"; };
		35364F3E1D1BAE1A00A79579 /* Info.plist */ = {isa = PBXFileReference; lastKnownFileType = text.plist.xml; path = Info.plist; sourceTree = "<group>"; };
		35364F441D1BAE2600A79579 /* XLsn0wViewController.h */ = {isa = PBXFileReference; fileEncoding = 4; lastKnownFileType = sourcecode.c.h; path = XLsn0wViewController.h; sourceTree = "<group>"; };
		35364F451D1BAE2600A79579 /* XLsn0wViewController.m */ = {isa = PBXFileReference; fileEncoding = 4; lastKnownFileType = sourcecode.c.objc; path = XLsn0wViewController.m; sourceTree = "<group>"; };
		35B792031D1BB27B003335CC /* ChineseCalendar.sqlite */ = {isa = PBXFileReference; lastKnownFileType = file; path = ChineseCalendar.sqlite; sourceTree = "<group>"; };
		35B792041D1BB27B003335CC /* MBProgressHUD+ShowText.h */ = {isa = PBXFileReference; fileEncoding = 4; lastKnownFileType = sourcecode.c.h; path = "MBProgressHUD+ShowText.h"; sourceTree = "<group>"; };
		35B792051D1BB27B003335CC /* MBProgressHUD+ShowText.m */ = {isa = PBXFileReference; fileEncoding = 4; lastKnownFileType = sourcecode.c.objc; path = "MBProgressHUD+ShowText.m"; sourceTree = "<group>"; };
		35B792061D1BB27B003335CC /* NSArray+XL.h */ = {isa = PBXFileReference; fileEncoding = 4; lastKnownFileType = sourcecode.c.h; path = "NSArray+XL.h"; sourceTree = "<group>"; };
		35B792071D1BB27B003335CC /* NSArray+XL.m */ = {isa = PBXFileReference; fileEncoding = 4; lastKnownFileType = sourcecode.c.objc; path = "NSArray+XL.m"; sourceTree = "<group>"; };
		35B792081D1BB27B003335CC /* NSDate+XL.h */ = {isa = PBXFileReference; fileEncoding = 4; lastKnownFileType = sourcecode.c.h; path = "NSDate+XL.h"; sourceTree = "<group>"; };
		35B792091D1BB27B003335CC /* NSDate+XL.m */ = {isa = PBXFileReference; fileEncoding = 4; lastKnownFileType = sourcecode.c.objc; path = "NSDate+XL.m"; sourceTree = "<group>"; };
		35B7920A1D1BB27B003335CC /* NSMutableArray+XL.h */ = {isa = PBXFileReference; fileEncoding = 4; lastKnownFileType = sourcecode.c.h; path = "NSMutableArray+XL.h"; sourceTree = "<group>"; };
		35B7920B1D1BB27B003335CC /* NSMutableArray+XL.m */ = {isa = PBXFileReference; fileEncoding = 4; lastKnownFileType = sourcecode.c.objc; path = "NSMutableArray+XL.m"; sourceTree = "<group>"; };
		35B7920C1D1BB27B003335CC /* NSString+XL.h */ = {isa = PBXFileReference; fileEncoding = 4; lastKnownFileType = sourcecode.c.h; path = "NSString+XL.h"; sourceTree = "<group>"; };
		35B7920D1D1BB27B003335CC /* NSString+XL.m */ = {isa = PBXFileReference; fileEncoding = 4; lastKnownFileType = sourcecode.c.objc; path = "NSString+XL.m"; sourceTree = "<group>"; };
		35B7920E1D1BB27B003335CC /* UIButton+XLsn0w.h */ = {isa = PBXFileReference; fileEncoding = 4; lastKnownFileType = sourcecode.c.h; path = "UIButton+XLsn0w.h"; sourceTree = "<group>"; };
		35B7920F1D1BB27B003335CC /* UIButton+XLsn0w.m */ = {isa = PBXFileReference; fileEncoding = 4; lastKnownFileType = sourcecode.c.objc; path = "UIButton+XLsn0w.m"; sourceTree = "<group>"; };
		35B792101D1BB27B003335CC /* UIColor+XLsn0w.h */ = {isa = PBXFileReference; fileEncoding = 4; lastKnownFileType = sourcecode.c.h; path = "UIColor+XLsn0w.h"; sourceTree = "<group>"; };
		35B792111D1BB27B003335CC /* UIColor+XLsn0w.m */ = {isa = PBXFileReference; fileEncoding = 4; lastKnownFileType = sourcecode.c.objc; path = "UIColor+XLsn0w.m"; sourceTree = "<group>"; };
		35B792121D1BB27B003335CC /* UIImage+XLImage.h */ = {isa = PBXFileReference; fileEncoding = 4; lastKnownFileType = sourcecode.c.h; path = "UIImage+XLImage.h"; sourceTree = "<group>"; };
		35B792131D1BB27B003335CC /* UIImage+XLImage.m */ = {isa = PBXFileReference; fileEncoding = 4; lastKnownFileType = sourcecode.c.objc; path = "UIImage+XLImage.m"; sourceTree = "<group>"; };
		35B792141D1BB27B003335CC /* UIImage+XLsn0w.h */ = {isa = PBXFileReference; fileEncoding = 4; lastKnownFileType = sourcecode.c.h; path = "UIImage+XLsn0w.h"; sourceTree = "<group>"; };
		35B792151D1BB27B003335CC /* UIImage+XLsn0w.m */ = {isa = PBXFileReference; fileEncoding = 4; lastKnownFileType = sourcecode.c.objc; path = "UIImage+XLsn0w.m"; sourceTree = "<group>"; };
		35B792161D1BB27B003335CC /* UIImageView+XLPlaceholder.h */ = {isa = PBXFileReference; fileEncoding = 4; lastKnownFileType = sourcecode.c.h; path = "UIImageView+XLPlaceholder.h"; sourceTree = "<group>"; };
		35B792171D1BB27B003335CC /* UIImageView+XLPlaceholder.m */ = {isa = PBXFileReference; fileEncoding = 4; lastKnownFileType = sourcecode.c.objc; path = "UIImageView+XLPlaceholder.m"; sourceTree = "<group>"; };
		35B792181D1BB27B003335CC /* UILabel+XLsn0w.h */ = {isa = PBXFileReference; fileEncoding = 4; lastKnownFileType = sourcecode.c.h; path = "UILabel+XLsn0w.h"; sourceTree = "<group>"; };
		35B792191D1BB27B003335CC /* UILabel+XLsn0w.m */ = {isa = PBXFileReference; fileEncoding = 4; lastKnownFileType = sourcecode.c.objc; path = "UILabel+XLsn0w.m"; sourceTree = "<group>"; };
		35B7921A1D1BB27B003335CC /* UINavigationBar+BarStatus.h */ = {isa = PBXFileReference; fileEncoding = 4; lastKnownFileType = sourcecode.c.h; path = "UINavigationBar+BarStatus.h"; sourceTree = "<group>"; };
		35B7921B1D1BB27B003335CC /* UINavigationBar+BarStatus.m */ = {isa = PBXFileReference; fileEncoding = 4; lastKnownFileType = sourcecode.c.objc; path = "UINavigationBar+BarStatus.m"; sourceTree = "<group>"; };
		35B7921C1D1BB27B003335CC /* UINavigationController+HandleNavBack.h */ = {isa = PBXFileReference; fileEncoding = 4; lastKnownFileType = sourcecode.c.h; path = "UINavigationController+HandleNavBack.h"; sourceTree = "<group>"; };
		35B7921D1D1BB27B003335CC /* UINavigationController+HandleNavBack.m */ = {isa = PBXFileReference; fileEncoding = 4; lastKnownFileType = sourcecode.c.objc; path = "UINavigationController+HandleNavBack.m"; sourceTree = "<group>"; };
		35B7921E1D1BB27B003335CC /* UITabBarController+NavTabBarItem.h */ = {isa = PBXFileReference; fileEncoding = 4; lastKnownFileType = sourcecode.c.h; path = "UITabBarController+NavTabBarItem.h"; sourceTree = "<group>"; };
		35B7921F1D1BB27B003335CC /* UITabBarController+NavTabBarItem.m */ = {isa = PBXFileReference; fileEncoding = 4; lastKnownFileType = sourcecode.c.objc; path = "UITabBarController+NavTabBarItem.m"; sourceTree = "<group>"; };
		35B792201D1BB27B003335CC /* UIView+XLsn0w.h */ = {isa = PBXFileReference; fileEncoding = 4; lastKnownFileType = sourcecode.c.h; path = "UIView+XLsn0w.h"; sourceTree = "<group>"; };
		35B792211D1BB27B003335CC /* UIView+XLsn0w.m */ = {isa = PBXFileReference; fileEncoding = 4; lastKnownFileType = sourcecode.c.objc; path = "UIView+XLsn0w.m"; sourceTree = "<group>"; };
		35B792221D1BB27B003335CC /* UIViewController+SafeTransition.h */ = {isa = PBXFileReference; fileEncoding = 4; lastKnownFileType = sourcecode.c.h; path = "UIViewController+SafeTransition.h"; sourceTree = "<group>"; };
		35B792231D1BB27B003335CC /* UIViewController+SafeTransition.m */ = {isa = PBXFileReference; fileEncoding = 4; lastKnownFileType = sourcecode.c.objc; path = "UIViewController+SafeTransition.m"; sourceTree = "<group>"; };
		35B792241D1BB27B003335CC /* User.h */ = {isa = PBXFileReference; fileEncoding = 4; lastKnownFileType = sourcecode.c.h; path = User.h; sourceTree = "<group>"; };
		35B792251D1BB27B003335CC /* User.m */ = {isa = PBXFileReference; fileEncoding = 4; lastKnownFileType = sourcecode.c.objc; path = User.m; sourceTree = "<group>"; };
		35B792261D1BB27B003335CC /* XLCalendar.h */ = {isa = PBXFileReference; fileEncoding = 4; lastKnownFileType = sourcecode.c.h; path = XLCalendar.h; sourceTree = "<group>"; };
		35B792271D1BB27B003335CC /* XLCalendar.m */ = {isa = PBXFileReference; fileEncoding = 4; lastKnownFileType = sourcecode.c.objc; path = XLCalendar.m; sourceTree = "<group>"; };
		35B792281D1BB27B003335CC /* XLCalendarView.h */ = {isa = PBXFileReference; fileEncoding = 4; lastKnownFileType = sourcecode.c.h; path = XLCalendarView.h; sourceTree = "<group>"; };
		35B792291D1BB27B003335CC /* XLCalendarView.m */ = {isa = PBXFileReference; fileEncoding = 4; lastKnownFileType = sourcecode.c.objc; path = XLCalendarView.m; sourceTree = "<group>"; };
		35B7922A1D1BB27B003335CC /* XLCollectionViewCell.h */ = {isa = PBXFileReference; fileEncoding = 4; lastKnownFileType = sourcecode.c.h; path = XLCollectionViewCell.h; sourceTree = "<group>"; };
		35B7922B1D1BB27B003335CC /* XLCollectionViewCell.m */ = {isa = PBXFileReference; fileEncoding = 4; lastKnownFileType = sourcecode.c.objc; path = XLCollectionViewCell.m; sourceTree = "<group>"; };
		35B7922C1D1BB27B003335CC /* XLCollectionViewController.h */ = {isa = PBXFileReference; fileEncoding = 4; lastKnownFileType = sourcecode.c.h; path = XLCollectionViewController.h; sourceTree = "<group>"; };
		35B7922D1D1BB27B003335CC /* XLCollectionViewController.m */ = {isa = PBXFileReference; fileEncoding = 4; lastKnownFileType = sourcecode.c.objc; path = XLCollectionViewController.m; sourceTree = "<group>"; };
		35B7922E1D1BB27B003335CC /* XLDataBase.h */ = {isa = PBXFileReference; fileEncoding = 4; lastKnownFileType = sourcecode.c.h; path = XLDataBase.h; sourceTree = "<group>"; };
		35B7922F1D1BB27B003335CC /* XLDataBase.m */ = {isa = PBXFileReference; fileEncoding = 4; lastKnownFileType = sourcecode.c.objc; path = XLDataBase.m; sourceTree = "<group>"; };
		35B792301D1BB27B003335CC /* XLDateTime.h */ = {isa = PBXFileReference; fileEncoding = 4; lastKnownFileType = sourcecode.c.h; path = XLDateTime.h; sourceTree = "<group>"; };
		35B792311D1BB27B003335CC /* XLDateTime.m */ = {isa = PBXFileReference; fileEncoding = 4; lastKnownFileType = sourcecode.c.objc; path = XLDateTime.m; sourceTree = "<group>"; };
		35B792321D1BB27B003335CC /* XLDBModel.h */ = {isa = PBXFileReference; fileEncoding = 4; lastKnownFileType = sourcecode.c.h; path = XLDBModel.h; sourceTree = "<group>"; };
		35B792331D1BB27B003335CC /* XLDBModel.m */ = {isa = PBXFileReference; fileEncoding = 4; lastKnownFileType = sourcecode.c.objc; path = XLDBModel.m; sourceTree = "<group>"; };
		35B792341D1BB27B003335CC /* XLDBModelManager.h */ = {isa = PBXFileReference; fileEncoding = 4; lastKnownFileType = sourcecode.c.h; path = XLDBModelManager.h; sourceTree = "<group>"; };
		35B792351D1BB27B003335CC /* XLDBModelManager.m */ = {isa = PBXFileReference; fileEncoding = 4; lastKnownFileType = sourcecode.c.objc; path = XLDBModelManager.m; sourceTree = "<group>"; };
		35B792361D1BB27B003335CC /* XLMethods.h */ = {isa = PBXFileReference; fileEncoding = 4; lastKnownFileType = sourcecode.c.h; path = XLMethods.h; sourceTree = "<group>"; };
		35B792371D1BB27B003335CC /* XLMethods.m */ = {isa = PBXFileReference; fileEncoding = 4; lastKnownFileType = sourcecode.c.objc; path = XLMethods.m; sourceTree = "<group>"; };
		35B792381D1BB27B003335CC /* XLNavigationController.h */ = {isa = PBXFileReference; fileEncoding = 4; lastKnownFileType = sourcecode.c.h; path = XLNavigationController.h; sourceTree = "<group>"; };
		35B792391D1BB27B003335CC /* XLNavigationController.m */ = {isa = PBXFileReference; fileEncoding = 4; lastKnownFileType = sourcecode.c.objc; path = XLNavigationController.m; sourceTree = "<group>"; };
		35B7923A1D1BB27B003335CC /* XLNetworkingManager.h */ = {isa = PBXFileReference; fileEncoding = 4; lastKnownFileType = sourcecode.c.h; path = XLNetworkingManager.h; sourceTree = "<group>"; };
		35B7923B1D1BB27B003335CC /* XLNetworkingManager.m */ = {isa = PBXFileReference; fileEncoding = 4; lastKnownFileType = sourcecode.c.objc; path = XLNetworkingManager.m; sourceTree = "<group>"; };
		35B7923C1D1BB27B003335CC /* XLPickerView.h */ = {isa = PBXFileReference; fileEncoding = 4; lastKnownFileType = sourcecode.c.h; path = XLPickerView.h; sourceTree = "<group>"; };
		35B7923D1D1BB27B003335CC /* XLPickerView.m */ = {isa = PBXFileReference; fileEncoding = 4; lastKnownFileType = sourcecode.c.objc; path = XLPickerView.m; sourceTree = "<group>"; };
		35B7923E1D1BB27B003335CC /* XLSelectSheet.h */ = {isa = PBXFileReference; fileEncoding = 4; lastKnownFileType = sourcecode.c.h; path = XLSelectSheet.h; sourceTree = "<group>"; };
		35B7923F1D1BB27B003335CC /* XLSelectSheet.m */ = {isa = PBXFileReference; fileEncoding = 4; lastKnownFileType = sourcecode.c.objc; path = XLSelectSheet.m; sourceTree = "<group>"; };
		35B792411D1BB27B003335CC /* XLTextField.h */ = {isa = PBXFileReference; fileEncoding = 4; lastKnownFileType = sourcecode.c.h; path = XLTextField.h; sourceTree = "<group>"; };
		35B792421D1BB27B003335CC /* XLTextField.m */ = {isa = PBXFileReference; fileEncoding = 4; lastKnownFileType = sourcecode.c.objc; path = XLTextField.m; sourceTree = "<group>"; };
		35B792631D1BB35A003335CC /* XLsn0w.h */ = {isa = PBXFileReference; fileEncoding = 4; lastKnownFileType = sourcecode.c.h; path = XLsn0w.h; sourceTree = "<group>"; };
		BFBD7F07A9ED8CB65BB13C92 /* libPods.a */ = {isa = PBXFileReference; explicitFileType = archive.ar; includeInIndex = 0; path = libPods.a; sourceTree = BUILT_PRODUCTS_DIR; };
		C1CA3ACC7589A97DD3667BCF /* Pods.debug.xcconfig */ = {isa = PBXFileReference; includeInIndex = 1; lastKnownFileType = text.xcconfig; name = Pods.debug.xcconfig; path = "Pods/Target Support Files/Pods/Pods.debug.xcconfig"; sourceTree = "<group>"; };
		FBDADB940F697A07AA1DF8CF /* Pods.release.xcconfig */ = {isa = PBXFileReference; includeInIndex = 1; lastKnownFileType = text.xcconfig; name = Pods.release.xcconfig; path = "Pods/Target Support Files/Pods/Pods.release.xcconfig"; sourceTree = "<group>"; };
/* End PBXFileReference section */

/* Begin PBXFrameworksBuildPhase section */
		35364F2D1D1BAE1A00A79579 /* Frameworks */ = {
			isa = PBXFrameworksBuildPhase;
			buildActionMask = 2147483647;
			files = (
				7E2576878628951CABEE60C5 /* libPods.a in Frameworks */,
			);
			runOnlyForDeploymentPostprocessing = 0;
		};
/* End PBXFrameworksBuildPhase section */

/* Begin PBXGroup section */
		35364F271D1BAE1A00A79579 = {
			isa = PBXGroup;
			children = (
				35364F321D1BAE1A00A79579 /* XLsn0w */,
				35364F311D1BAE1A00A79579 /* Products */,
				94290CDB86997C0871F05BAF /* Pods */,
				B20E501E994247DADC4785C6 /* Frameworks */,
			);
			sourceTree = "<group>";
		};
		35364F311D1BAE1A00A79579 /* Products */ = {
			isa = PBXGroup;
			children = (
				35364F301D1BAE1A00A79579 /* XLsn0w.app */,
			);
			name = Products;
			sourceTree = "<group>";
		};
		35364F321D1BAE1A00A79579 /* XLsn0w */ = {
			isa = PBXGroup;
			children = (
				35364F361D1BAE1A00A79579 /* AppDelegate.h */,
				35364F371D1BAE1A00A79579 /* AppDelegate.m */,
				35364F441D1BAE2600A79579 /* XLsn0wViewController.h */,
				35364F451D1BAE2600A79579 /* XLsn0wViewController.m */,
				35364F391D1BAE1A00A79579 /* Assets.xcassets */,
				35364F3B1D1BAE1A00A79579 /* LaunchScreen.storyboard */,
				35364F3E1D1BAE1A00A79579 /* Info.plist */,
				35364F471D1BAF8D00A79579 /* XLsn0w */,
				35364F331D1BAE1A00A79579 /* Supporting Files */,
			);
			path = XLsn0w;
			sourceTree = "<group>";
		};
		35364F331D1BAE1A00A79579 /* Supporting Files */ = {
			isa = PBXGroup;
			children = (
				35364F341D1BAE1A00A79579 /* main.m */,
			);
			name = "Supporting Files";
			sourceTree = "<group>";
		};
		35364F471D1BAF8D00A79579 /* XLsn0w */ = {
			isa = PBXGroup;
			children = (
				35B792631D1BB35A003335CC /* XLsn0w.h */,
				35B792031D1BB27B003335CC /* ChineseCalendar.sqlite */,
				35B792041D1BB27B003335CC /* MBProgressHUD+ShowText.h */,
				35B792051D1BB27B003335CC /* MBProgressHUD+ShowText.m */,
				35B792061D1BB27B003335CC /* NSArray+XL.h */,
				35B792071D1BB27B003335CC /* NSArray+XL.m */,
				35B792081D1BB27B003335CC /* NSDate+XL.h */,
				35B792091D1BB27B003335CC /* NSDate+XL.m */,
				35B7920A1D1BB27B003335CC /* NSMutableArray+XL.h */,
				35B7920B1D1BB27B003335CC /* NSMutableArray+XL.m */,
				35B7920C1D1BB27B003335CC /* NSString+XL.h */,
				35B7920D1D1BB27B003335CC /* NSString+XL.m */,
				35B7920E1D1BB27B003335CC /* UIButton+XLsn0w.h */,
				35B7920F1D1BB27B003335CC /* UIButton+XLsn0w.m */,
				35B792101D1BB27B003335CC /* UIColor+XLsn0w.h */,
				35B792111D1BB27B003335CC /* UIColor+XLsn0w.m */,
				35B792121D1BB27B003335CC /* UIImage+XLImage.h */,
				35B792131D1BB27B003335CC /* UIImage+XLImage.m */,
				35B792141D1BB27B003335CC /* UIImage+XLsn0w.h */,
				35B792151D1BB27B003335CC /* UIImage+XLsn0w.m */,
				35B792161D1BB27B003335CC /* UIImageView+XLPlaceholder.h */,
				35B792171D1BB27B003335CC /* UIImageView+XLPlaceholder.m */,
				35B792181D1BB27B003335CC /* UILabel+XLsn0w.h */,
				35B792191D1BB27B003335CC /* UILabel+XLsn0w.m */,
				35B7921A1D1BB27B003335CC /* UINavigationBar+BarStatus.h */,
				35B7921B1D1BB27B003335CC /* UINavigationBar+BarStatus.m */,
				35B7921C1D1BB27B003335CC /* UINavigationController+HandleNavBack.h */,
				35B7921D1D1BB27B003335CC /* UINavigationController+HandleNavBack.m */,
				35B7921E1D1BB27B003335CC /* UITabBarController+NavTabBarItem.h */,
				35B7921F1D1BB27B003335CC /* UITabBarController+NavTabBarItem.m */,
				35B792201D1BB27B003335CC /* UIView+XLsn0w.h */,
				35B792211D1BB27B003335CC /* UIView+XLsn0w.m */,
				35B792221D1BB27B003335CC /* UIViewController+SafeTransition.h */,
				35B792231D1BB27B003335CC /* UIViewController+SafeTransition.m */,
				35B792241D1BB27B003335CC /* User.h */,
				35B792251D1BB27B003335CC /* User.m */,
				35B792261D1BB27B003335CC /* XLCalendar.h */,
				35B792271D1BB27B003335CC /* XLCalendar.m */,
				35B792281D1BB27B003335CC /* XLCalendarView.h */,
				35B792291D1BB27B003335CC /* XLCalendarView.m */,
				35B7922A1D1BB27B003335CC /* XLCollectionViewCell.h */,
				35B7922B1D1BB27B003335CC /* XLCollectionViewCell.m */,
				35B7922C1D1BB27B003335CC /* XLCollectionViewController.h */,
				35B7922D1D1BB27B003335CC /* XLCollectionViewController.m */,
				35B7922E1D1BB27B003335CC /* XLDataBase.h */,
				35B7922F1D1BB27B003335CC /* XLDataBase.m */,
				35B792301D1BB27B003335CC /* XLDateTime.h */,
				35B792311D1BB27B003335CC /* XLDateTime.m */,
				35B792321D1BB27B003335CC /* XLDBModel.h */,
				35B792331D1BB27B003335CC /* XLDBModel.m */,
				35B792341D1BB27B003335CC /* XLDBModelManager.h */,
				35B792351D1BB27B003335CC /* XLDBModelManager.m */,
				35B792361D1BB27B003335CC /* XLMethods.h */,
				35B792371D1BB27B003335CC /* XLMethods.m */,
				35B792381D1BB27B003335CC /* XLNavigationController.h */,
				35B792391D1BB27B003335CC /* XLNavigationController.m */,
				35B7923A1D1BB27B003335CC /* XLNetworkingManager.h */,
				35B7923B1D1BB27B003335CC /* XLNetworkingManager.m */,
				35B7923C1D1BB27B003335CC /* XLPickerView.h */,
				35B7923D1D1BB27B003335CC /* XLPickerView.m */,
				35B7923E1D1BB27B003335CC /* XLSelectSheet.h */,
				35B7923F1D1BB27B003335CC /* XLSelectSheet.m */,
				35B792411D1BB27B003335CC /* XLTextField.h */,
				35B792421D1BB27B003335CC /* XLTextField.m */,
			);
			path = XLsn0w;
			sourceTree = "<group>";
		};
		94290CDB86997C0871F05BAF /* Pods */ = {
			isa = PBXGroup;
			children = (
				C1CA3ACC7589A97DD3667BCF /* Pods.debug.xcconfig */,
				FBDADB940F697A07AA1DF8CF /* Pods.release.xcconfig */,
			);
			name = Pods;
			sourceTree = "<group>";
		};
		B20E501E994247DADC4785C6 /* Frameworks */ = {
			isa = PBXGroup;
			children = (
				BFBD7F07A9ED8CB65BB13C92 /* libPods.a */,
			);
			name = Frameworks;
			sourceTree = "<group>";
		};
/* End PBXGroup section */

/* Begin PBXNativeTarget section */
		35364F2F1D1BAE1A00A79579 /* XLsn0w */ = {
			isa = PBXNativeTarget;
			buildConfigurationList = 35364F411D1BAE1A00A79579 /* Build configuration list for PBXNativeTarget "XLsn0w" */;
			buildPhases = (
				2A732EF9D7E78B95BD79A1F7 /* Check Pods Manifest.lock */,
				35364F2C1D1BAE1A00A79579 /* Sources */,
				35364F2D1D1BAE1A00A79579 /* Frameworks */,
				35364F2E1D1BAE1A00A79579 /* Resources */,
				03DDEB746A75087CE5B29D18 /* Embed Pods Frameworks */,
				16617CD04CC5435FB5099CB8 /* Copy Pods Resources */,
			);
			buildRules = (
			);
			dependencies = (
			);
			name = XLsn0w;
			productName = XLsn0w;
			productReference = 35364F301D1BAE1A00A79579 /* XLsn0w.app */;
			productType = "com.apple.product-type.application";
		};
/* End PBXNativeTarget section */

/* Begin PBXProject section */
		35364F281D1BAE1A00A79579 /* Project object */ = {
			isa = PBXProject;
			attributes = {
				LastUpgradeCheck = 0730;
				ORGANIZATIONNAME = XLsn0w;
				TargetAttributes = {
					35364F2F1D1BAE1A00A79579 = {
						CreatedOnToolsVersion = 7.3.1;
					};
				};
			};
			buildConfigurationList = 35364F2B1D1BAE1A00A79579 /* Build configuration list for PBXProject "XLsn0w" */;
			compatibilityVersion = "Xcode 3.2";
			developmentRegion = English;
			hasScannedForEncodings = 0;
			knownRegions = (
				en,
				Base,
			);
			mainGroup = 35364F271D1BAE1A00A79579;
			productRefGroup = 35364F311D1BAE1A00A79579 /* Products */;
			projectDirPath = "";
			projectRoot = "";
			targets = (
				35364F2F1D1BAE1A00A79579 /* XLsn0w */,
			);
		};
/* End PBXProject section */

/* Begin PBXResourcesBuildPhase section */
		35364F2E1D1BAE1A00A79579 /* Resources */ = {
			isa = PBXResourcesBuildPhase;
			buildActionMask = 2147483647;
			files = (
				35364F3A1D1BAE1A00A79579 /* Assets.xcassets in Resources */,
				35364F3D1D1BAE1A00A79579 /* LaunchScreen.storyboard in Resources */,
				35B792431D1BB27B003335CC /* ChineseCalendar.sqlite in Resources */,
			);
			runOnlyForDeploymentPostprocessing = 0;
		};
/* End PBXResourcesBuildPhase section */

/* Begin PBXShellScriptBuildPhase section */
		03DDEB746A75087CE5B29D18 /* Embed Pods Frameworks */ = {
			isa = PBXShellScriptBuildPhase;
			buildActionMask = 2147483647;
			files = (
			);
			inputPaths = (
			);
			name = "Embed Pods Frameworks";
			outputPaths = (
			);
			runOnlyForDeploymentPostprocessing = 0;
			shellPath = /bin/sh;
			shellScript = "\"${SRCROOT}/Pods/Target Support Files/Pods/Pods-frameworks.sh\"\n";
			showEnvVarsInLog = 0;
		};
		16617CD04CC5435FB5099CB8 /* Copy Pods Resources */ = {
			isa = PBXShellScriptBuildPhase;
			buildActionMask = 2147483647;
			files = (
			);
			inputPaths = (
			);
			name = "Copy Pods Resources";
			outputPaths = (
			);
			runOnlyForDeploymentPostprocessing = 0;
			shellPath = /bin/sh;
			shellScript = "\"${SRCROOT}/Pods/Target Support Files/Pods/Pods-resources.sh\"\n";
			showEnvVarsInLog = 0;
		};
		2A732EF9D7E78B95BD79A1F7 /* Check Pods Manifest.lock */ = {
			isa = PBXShellScriptBuildPhase;
			buildActionMask = 2147483647;
			files = (
			);
			inputPaths = (
			);
			name = "Check Pods Manifest.lock";
			outputPaths = (
			);
			runOnlyForDeploymentPostprocessing = 0;
			shellPath = /bin/sh;
			shellScript = "diff \"${PODS_ROOT}/../Podfile.lock\" \"${PODS_ROOT}/Manifest.lock\" > /dev/null\nif [[ $? != 0 ]] ; then\n    cat << EOM\nerror: The sandbox is not in sync with the Podfile.lock. Run 'pod install' or update your CocoaPods installation.\nEOM\n    exit 1\nfi\n";
			showEnvVarsInLog = 0;
		};
/* End PBXShellScriptBuildPhase section */

/* Begin PBXSourcesBuildPhase section */
		35364F2C1D1BAE1A00A79579 /* Sources */ = {
			isa = PBXSourcesBuildPhase;
			buildActionMask = 2147483647;
			files = (
				35B792541D1BB27B003335CC /* User.m in Sources */,
				35B792501D1BB27B003335CC /* UINavigationController+HandleNavBack.m in Sources */,
				35B792491D1BB27B003335CC /* UIButton+XLsn0w.m in Sources */,
				35364F461D1BAE2600A79579 /* XLsn0wViewController.m in Sources */,
				35B792441D1BB27B003335CC /* MBProgressHUD+ShowText.m in Sources */,
				35B7924C1D1BB27B003335CC /* UIImage+XLsn0w.m in Sources */,
				35B792601D1BB27B003335CC /* XLPickerView.m in Sources */,
				35B792621D1BB27B003335CC /* XLTextField.m in Sources */,
				35B792611D1BB27B003335CC /* XLSelectSheet.m in Sources */,
				35B7924A1D1BB27B003335CC /* UIColor+XLsn0w.m in Sources */,
				35B792521D1BB27B003335CC /* UIView+XLsn0w.m in Sources */,
				35B792511D1BB27B003335CC /* UITabBarController+NavTabBarItem.m in Sources */,
				35B792451D1BB27B003335CC /* NSArray+XL.m in Sources */,
				35B7924D1D1BB27B003335CC /* UIImageView+XLPlaceholder.m in Sources */,
				35B7924F1D1BB27B003335CC /* UINavigationBar+BarStatus.m in Sources */,
				35364F381D1BAE1A00A79579 /* AppDelegate.m in Sources */,
				35B7925D1D1BB27B003335CC /* XLMethods.m in Sources */,
				35B792461D1BB27B003335CC /* NSDate+XL.m in Sources */,
				35B7925B1D1BB27B003335CC /* XLDBModel.m in Sources */,
				35B7925A1D1BB27B003335CC /* XLDateTime.m in Sources */,
				35B7925E1D1BB27B003335CC /* XLNavigationController.m in Sources */,
				35B7925F1D1BB27B003335CC /* XLNetworkingManager.m in Sources */,
				35B792581D1BB27B003335CC /* XLCollectionViewController.m in Sources */,
				35B792561D1BB27B003335CC /* XLCalendarView.m in Sources */,
				35364F351D1BAE1A00A79579 /* main.m in Sources */,
				35B7925C1D1BB27B003335CC /* XLDBModelManager.m in Sources */,
				35B792551D1BB27B003335CC /* XLCalendar.m in Sources */,
				35B792571D1BB27B003335CC /* XLCollectionViewCell.m in Sources */,
				35B7924E1D1BB27B003335CC /* UILabel+XLsn0w.m in Sources */,
				35B7924B1D1BB27B003335CC /* UIImage+XLImage.m in Sources */,
				35B792471D1BB27B003335CC /* NSMutableArray+XL.m in Sources */,
				35B792591D1BB27B003335CC /* XLDataBase.m in Sources */,
				35B792531D1BB27B003335CC /* UIViewController+SafeTransition.m in Sources */,
				35B792481D1BB27B003335CC /* NSString+XL.m in Sources */,
			);
			runOnlyForDeploymentPostprocessing = 0;
		};
/* End PBXSourcesBuildPhase section */

/* Begin PBXVariantGroup section */
		35364F3B1D1BAE1A00A79579 /* LaunchScreen.storyboard */ = {
			isa = PBXVariantGroup;
			children = (
				35364F3C1D1BAE1A00A79579 /* Base */,
			);
			name = LaunchScreen.storyboard;
			sourceTree = "<group>";
		};
/* End PBXVariantGroup section */

/* Begin XCBuildConfiguration section */
		35364F3F1D1BAE1A00A79579 /* Debug */ = {
			isa = XCBuildConfiguration;
			buildSettings = {
				ALWAYS_SEARCH_USER_PATHS = NO;
				CLANG_ANALYZER_NONNULL = YES;
				CLANG_CXX_LANGUAGE_STANDARD = "gnu++0x";
				CLANG_CXX_LIBRARY = "libc++";
				CLANG_ENABLE_MODULES = YES;
				CLANG_ENABLE_OBJC_ARC = YES;
				CLANG_WARN_BOOL_CONVERSION = YES;
				CLANG_WARN_CONSTANT_CONVERSION = YES;
				CLANG_WARN_DIRECT_OBJC_ISA_USAGE = YES_ERROR;
				CLANG_WARN_EMPTY_BODY = YES;
				CLANG_WARN_ENUM_CONVERSION = YES;
				CLANG_WARN_INT_CONVERSION = YES;
				CLANG_WARN_OBJC_ROOT_CLASS = YES_ERROR;
				CLANG_WARN_UNREACHABLE_CODE = YES;
				CLANG_WARN__DUPLICATE_METHOD_MATCH = YES;
				"CODE_SIGN_IDENTITY[sdk=iphoneos*]" = "iPhone Developer";
				COPY_PHASE_STRIP = NO;
				DEBUG_INFORMATION_FORMAT = dwarf;
				ENABLE_STRICT_OBJC_MSGSEND = YES;
				ENABLE_TESTABILITY = YES;
				GCC_C_LANGUAGE_STANDARD = gnu99;
				GCC_DYNAMIC_NO_PIC = NO;
				GCC_NO_COMMON_BLOCKS = YES;
				GCC_OPTIMIZATION_LEVEL = 0;
				GCC_PREPROCESSOR_DEFINITIONS = (
					"DEBUG=1",
					"$(inherited)",
				);
				GCC_WARN_64_TO_32_BIT_CONVERSION = YES;
				GCC_WARN_ABOUT_RETURN_TYPE = YES_ERROR;
				GCC_WARN_UNDECLARED_SELECTOR = YES;
				GCC_WARN_UNINITIALIZED_AUTOS = YES_AGGRESSIVE;
				GCC_WARN_UNUSED_FUNCTION = YES;
				GCC_WARN_UNUSED_VARIABLE = YES;
				IPHONEOS_DEPLOYMENT_TARGET = 9.3;
				MTL_ENABLE_DEBUG_INFO = YES;
				ONLY_ACTIVE_ARCH = YES;
				SDKROOT = iphoneos;
			};
			name = Debug;
		};
		35364F401D1BAE1A00A79579 /* Release */ = {
			isa = XCBuildConfiguration;
			buildSettings = {
				ALWAYS_SEARCH_USER_PATHS = NO;
				CLANG_ANALYZER_NONNULL = YES;
				CLANG_CXX_LANGUAGE_STANDARD = "gnu++0x";
				CLANG_CXX_LIBRARY = "libc++";
				CLANG_ENABLE_MODULES = YES;
				CLANG_ENABLE_OBJC_ARC = YES;
				CLANG_WARN_BOOL_CONVERSION = YES;
				CLANG_WARN_CONSTANT_CONVERSION = YES;
				CLANG_WARN_DIRECT_OBJC_ISA_USAGE = YES_ERROR;
				CLANG_WARN_EMPTY_BODY = YES;
				CLANG_WARN_ENUM_CONVERSION = YES;
				CLANG_WARN_INT_CONVERSION = YES;
				CLANG_WARN_OBJC_ROOT_CLASS = YES_ERROR;
				CLANG_WARN_UNREACHABLE_CODE = YES;
				CLANG_WARN__DUPLICATE_METHOD_MATCH = YES;
				"CODE_SIGN_IDENTITY[sdk=iphoneos*]" = "iPhone Developer";
				COPY_PHASE_STRIP = NO;
				DEBUG_INFORMATION_FORMAT = "dwarf-with-dsym";
				ENABLE_NS_ASSERTIONS = NO;
				ENABLE_STRICT_OBJC_MSGSEND = YES;
				GCC_C_LANGUAGE_STANDARD = gnu99;
				GCC_NO_COMMON_BLOCKS = YES;
				GCC_WARN_64_TO_32_BIT_CONVERSION = YES;
				GCC_WARN_ABOUT_RETURN_TYPE = YES_ERROR;
				GCC_WARN_UNDECLARED_SELECTOR = YES;
				GCC_WARN_UNINITIALIZED_AUTOS = YES_AGGRESSIVE;
				GCC_WARN_UNUSED_FUNCTION = YES;
				GCC_WARN_UNUSED_VARIABLE = YES;
				IPHONEOS_DEPLOYMENT_TARGET = 9.3;
				MTL_ENABLE_DEBUG_INFO = NO;
				SDKROOT = iphoneos;
				VALIDATE_PRODUCT = YES;
			};
			name = Release;
		};
		35364F421D1BAE1A00A79579 /* Debug */ = {
			isa = XCBuildConfiguration;
			baseConfigurationReference = C1CA3ACC7589A97DD3667BCF /* Pods.debug.xcconfig */;
			buildSettings = {
				ASSETCATALOG_COMPILER_APPICON_NAME = AppIcon;
				INFOPLIST_FILE = XLsn0w/Info.plist;
				IPHONEOS_DEPLOYMENT_TARGET = 7.0;
				LD_RUNPATH_SEARCH_PATHS = "$(inherited) @executable_path/Frameworks";
				PRODUCT_BUNDLE_IDENTIFIER = com.skuo.XLsn0w;
				PRODUCT_NAME = "$(TARGET_NAME)";
			};
			name = Debug;
		};
		35364F431D1BAE1A00A79579 /* Release */ = {
			isa = XCBuildConfiguration;
			baseConfigurationReference = FBDADB940F697A07AA1DF8CF /* Pods.release.xcconfig */;
			buildSettings = {
				ASSETCATALOG_COMPILER_APPICON_NAME = AppIcon;
				INFOPLIST_FILE = XLsn0w/Info.plist;
				IPHONEOS_DEPLOYMENT_TARGET = 7.0;
				LD_RUNPATH_SEARCH_PATHS = "$(inherited) @executable_path/Frameworks";
				PRODUCT_BUNDLE_IDENTIFIER = com.skuo.XLsn0w;
				PRODUCT_NAME = "$(TARGET_NAME)";
			};
			name = Release;
		};
/* End XCBuildConfiguration section */

/* Begin XCConfigurationList section */
		35364F2B1D1BAE1A00A79579 /* Build configuration list for PBXProject "XLsn0w" */ = {
			isa = XCConfigurationList;
			buildConfigurations = (
				35364F3F1D1BAE1A00A79579 /* Debug */,
				35364F401D1BAE1A00A79579 /* Release */,
			);
			defaultConfigurationIsVisible = 0;
			defaultConfigurationName = Release;
		};
		35364F411D1BAE1A00A79579 /* Build configuration list for PBXNativeTarget "XLsn0w" */ = {
			isa = XCConfigurationList;
			buildConfigurations = (
				35364F421D1BAE1A00A79579 /* Debug */,
				35364F431D1BAE1A00A79579 /* Release */,
			);
			defaultConfigurationIsVisible = 0;
			defaultConfigurationName = Release;
		};
/* End XCConfigurationList section */
	};
	rootObject = 35364F281D1BAE1A00A79579 /* Project object */;
}
