// !$*UTF8*$!
{
	archiveVersion = 1;
	classes = {
	};
	objectVersion = 46;
	objects = {

/* Begin PBXBuildFile section */
		359876041D1BA44200C2EC10 /* main.m in Sources */ = {isa = PBXBuildFile; fileRef = 359876031D1BA44200C2EC10 /* main.m */; };
		359876071D1BA44200C2EC10 /* AppDelegate.m in Sources */ = {isa = PBXBuildFile; fileRef = 359876061D1BA44200C2EC10 /* AppDelegate.m */; };
		359876091D1BA44200C2EC10 /* Assets.xcassets in Resources */ = {isa = PBXBuildFile; fileRef = 359876081D1BA44200C2EC10 /* Assets.xcassets */; };
		3598760C1D1BA44200C2EC10 /* LaunchScreen.storyboard in Resources */ = {isa = PBXBuildFile; fileRef = 3598760A1D1BA44200C2EC10 /* LaunchScreen.storyboard */; };
		359876151D1BA44F00C2EC10 /* XLsn0wViewController.m in Sources */ = {isa = PBXBuildFile; fileRef = 359876141D1BA44F00C2EC10 /* XLsn0wViewController.m */; };
		359876571D1BA58300C2EC10 /* ChineseCalendar.sqlite in Resources */ = {isa = PBXBuildFile; fileRef = 359876171D1BA58300C2EC10 /* ChineseCalendar.sqlite */; };
		359876581D1BA58300C2EC10 /* MBProgressHUD+ShowText.m in Sources */ = {isa = PBXBuildFile; fileRef = 359876191D1BA58300C2EC10 /* MBProgressHUD+ShowText.m */; };
		359876591D1BA58300C2EC10 /* NSArray+XL.m in Sources */ = {isa = PBXBuildFile; fileRef = 3598761B1D1BA58300C2EC10 /* NSArray+XL.m */; };
		3598765A1D1BA58300C2EC10 /* NSDate+XL.m in Sources */ = {isa = PBXBuildFile; fileRef = 3598761D1D1BA58300C2EC10 /* NSDate+XL.m */; };
		3598765B1D1BA58300C2EC10 /* NSMutableArray+XL.m in Sources */ = {isa = PBXBuildFile; fileRef = 3598761F1D1BA58300C2EC10 /* NSMutableArray+XL.m */; };
		3598765C1D1BA58300C2EC10 /* NSString+XL.m in Sources */ = {isa = PBXBuildFile; fileRef = 359876211D1BA58300C2EC10 /* NSString+XL.m */; };
		3598765D1D1BA58300C2EC10 /* UIButton+XLsn0w.m in Sources */ = {isa = PBXBuildFile; fileRef = 359876231D1BA58300C2EC10 /* UIButton+XLsn0w.m */; };
		3598765E1D1BA58300C2EC10 /* UIColor+XLsn0w.m in Sources */ = {isa = PBXBuildFile; fileRef = 359876251D1BA58300C2EC10 /* UIColor+XLsn0w.m */; };
		3598765F1D1BA58300C2EC10 /* UIImage+XLImage.m in Sources */ = {isa = PBXBuildFile; fileRef = 359876271D1BA58300C2EC10 /* UIImage+XLImage.m */; };
		359876601D1BA58300C2EC10 /* UIImage+XLsn0w.m in Sources */ = {isa = PBXBuildFile; fileRef = 359876291D1BA58300C2EC10 /* UIImage+XLsn0w.m */; };
		359876611D1BA58300C2EC10 /* UIImageView+XLPlaceholder.m in Sources */ = {isa = PBXBuildFile; fileRef = 3598762B1D1BA58300C2EC10 /* UIImageView+XLPlaceholder.m */; };
		359876621D1BA58300C2EC10 /* UILabel+XLsn0w.m in Sources */ = {isa = PBXBuildFile; fileRef = 3598762D1D1BA58300C2EC10 /* UILabel+XLsn0w.m */; };
		359876631D1BA58300C2EC10 /* UINavigationBar+BarStatus.m in Sources */ = {isa = PBXBuildFile; fileRef = 3598762F1D1BA58300C2EC10 /* UINavigationBar+BarStatus.m */; };
		359876641D1BA58300C2EC10 /* UINavigationController+HandleNavBack.m in Sources */ = {isa = PBXBuildFile; fileRef = 359876311D1BA58300C2EC10 /* UINavigationController+HandleNavBack.m */; };
		359876651D1BA58300C2EC10 /* UITabBarController+NavTabBarItem.m in Sources */ = {isa = PBXBuildFile; fileRef = 359876331D1BA58300C2EC10 /* UITabBarController+NavTabBarItem.m */; };
		359876661D1BA58300C2EC10 /* UIView+XLsn0w.m in Sources */ = {isa = PBXBuildFile; fileRef = 359876351D1BA58300C2EC10 /* UIView+XLsn0w.m */; };
		359876671D1BA58300C2EC10 /* UIViewController+SafeTransition.m in Sources */ = {isa = PBXBuildFile; fileRef = 359876371D1BA58300C2EC10 /* UIViewController+SafeTransition.m */; };
		359876681D1BA58300C2EC10 /* User.m in Sources */ = {isa = PBXBuildFile; fileRef = 359876391D1BA58300C2EC10 /* User.m */; };
		359876691D1BA58300C2EC10 /* XLCalendar.m in Sources */ = {isa = PBXBuildFile; fileRef = 3598763B1D1BA58300C2EC10 /* XLCalendar.m */; };
		3598766A1D1BA58300C2EC10 /* XLCalendarView.m in Sources */ = {isa = PBXBuildFile; fileRef = 3598763D1D1BA58300C2EC10 /* XLCalendarView.m */; };
		3598766B1D1BA58300C2EC10 /* XLCollectionViewCell.m in Sources */ = {isa = PBXBuildFile; fileRef = 3598763F1D1BA58300C2EC10 /* XLCollectionViewCell.m */; };
		3598766C1D1BA58300C2EC10 /* XLCollectionViewController.m in Sources */ = {isa = PBXBuildFile; fileRef = 359876411D1BA58300C2EC10 /* XLCollectionViewController.m */; };
		3598766D1D1BA58300C2EC10 /* XLDataBase.m in Sources */ = {isa = PBXBuildFile; fileRef = 359876431D1BA58300C2EC10 /* XLDataBase.m */; };
		3598766E1D1BA58300C2EC10 /* XLDateTime.m in Sources */ = {isa = PBXBuildFile; fileRef = 359876451D1BA58300C2EC10 /* XLDateTime.m */; };
		3598766F1D1BA58300C2EC10 /* XLDBModel.m in Sources */ = {isa = PBXBuildFile; fileRef = 359876471D1BA58300C2EC10 /* XLDBModel.m */; };
		359876701D1BA58300C2EC10 /* XLDBModelManager.m in Sources */ = {isa = PBXBuildFile; fileRef = 359876491D1BA58300C2EC10 /* XLDBModelManager.m */; };
		359876711D1BA58300C2EC10 /* XLMethods.m in Sources */ = {isa = PBXBuildFile; fileRef = 3598764B1D1BA58300C2EC10 /* XLMethods.m */; };
		359876721D1BA58300C2EC10 /* XLNavigationController.m in Sources */ = {isa = PBXBuildFile; fileRef = 3598764D1D1BA58300C2EC10 /* XLNavigationController.m */; };
		359876731D1BA58300C2EC10 /* XLNetworkingManager.m in Sources */ = {isa = PBXBuildFile; fileRef = 3598764F1D1BA58300C2EC10 /* XLNetworkingManager.m */; };
		359876741D1BA58300C2EC10 /* XLPickerView.m in Sources */ = {isa = PBXBuildFile; fileRef = 359876511D1BA58300C2EC10 /* XLPickerView.m */; };
		359876751D1BA58300C2EC10 /* XLSelectSheet.m in Sources */ = {isa = PBXBuildFile; fileRef = 359876531D1BA58300C2EC10 /* XLSelectSheet.m */; };
		359876761D1BA58300C2EC10 /* XLTextField.m in Sources */ = {isa = PBXBuildFile; fileRef = 359876561D1BA58300C2EC10 /* XLTextField.m */; };
/* End PBXBuildFile section */

/* Begin PBXFileReference section */
		359875FF1D1BA44200C2EC10 /* XLsn0w.app */ = {isa = PBXFileReference; explicitFileType = wrapper.application; includeInIndex = 0; path = XLsn0w.app; sourceTree = BUILT_PRODUCTS_DIR; };
		359876031D1BA44200C2EC10 /* main.m */ = {isa = PBXFileReference; lastKnownFileType = sourcecode.c.objc; path = main.m; sourceTree = "<group>"; };
		359876051D1BA44200C2EC10 /* AppDelegate.h */ = {isa = PBXFileReference; lastKnownFileType = sourcecode.c.h; path = AppDelegate.h; sourceTree = "<group>"; };
		359876061D1BA44200C2EC10 /* AppDelegate.m */ = {isa = PBXFileReference; lastKnownFileType = sourcecode.c.objc; path = AppDelegate.m; sourceTree = "<group>"; };
		359876081D1BA44200C2EC10 /* Assets.xcassets */ = {isa = PBXFileReference; lastKnownFileType = folder.assetcatalog; path = Assets.xcassets; sourceTree = "<group>"; };
		3598760B1D1BA44200C2EC10 /* Base */ = {isa = PBXFileReference; lastKnownFileType = file.storyboard; name = Base; path = Base.lproj/LaunchScreen.storyboard; sourceTree = "<group>"; };
		3598760D1D1BA44200C2EC10 /* Info.plist */ = {isa = PBXFileReference; lastKnownFileType = text.plist.xml; path = Info.plist; sourceTree = "<group>"; };
		359876131D1BA44F00C2EC10 /* XLsn0wViewController.h */ = {isa = PBXFileReference; fileEncoding = 4; lastKnownFileType = sourcecode.c.h; path = XLsn0wViewController.h; sourceTree = "<group>"; };
		359876141D1BA44F00C2EC10 /* XLsn0wViewController.m */ = {isa = PBXFileReference; fileEncoding = 4; lastKnownFileType = sourcecode.c.objc; path = XLsn0wViewController.m; sourceTree = "<group>"; };
		359876171D1BA58300C2EC10 /* ChineseCalendar.sqlite */ = {isa = PBXFileReference; lastKnownFileType = file; path = ChineseCalendar.sqlite; sourceTree = "<group>"; };
		359876181D1BA58300C2EC10 /* MBProgressHUD+ShowText.h */ = {isa = PBXFileReference; fileEncoding = 4; lastKnownFileType = sourcecode.c.h; path = "MBProgressHUD+ShowText.h"; sourceTree = "<group>"; };
		359876191D1BA58300C2EC10 /* MBProgressHUD+ShowText.m */ = {isa = PBXFileReference; fileEncoding = 4; lastKnownFileType = sourcecode.c.objc; path = "MBProgressHUD+ShowText.m"; sourceTree = "<group>"; };
		3598761A1D1BA58300C2EC10 /* NSArray+XL.h */ = {isa = PBXFileReference; fileEncoding = 4; lastKnownFileType = sourcecode.c.h; path = "NSArray+XL.h"; sourceTree = "<group>"; };
		3598761B1D1BA58300C2EC10 /* NSArray+XL.m */ = {isa = PBXFileReference; fileEncoding = 4; lastKnownFileType = sourcecode.c.objc; path = "NSArray+XL.m"; sourceTree = "<group>"; };
		3598761C1D1BA58300C2EC10 /* NSDate+XL.h */ = {isa = PBXFileReference; fileEncoding = 4; lastKnownFileType = sourcecode.c.h; path = "NSDate+XL.h"; sourceTree = "<group>"; };
		3598761D1D1BA58300C2EC10 /* NSDate+XL.m */ = {isa = PBXFileReference; fileEncoding = 4; lastKnownFileType = sourcecode.c.objc; path = "NSDate+XL.m"; sourceTree = "<group>"; };
		3598761E1D1BA58300C2EC10 /* NSMutableArray+XL.h */ = {isa = PBXFileReference; fileEncoding = 4; lastKnownFileType = sourcecode.c.h; path = "NSMutableArray+XL.h"; sourceTree = "<group>"; };
		3598761F1D1BA58300C2EC10 /* NSMutableArray+XL.m */ = {isa = PBXFileReference; fileEncoding = 4; lastKnownFileType = sourcecode.c.objc; path = "NSMutableArray+XL.m"; sourceTree = "<group>"; };
		359876201D1BA58300C2EC10 /* NSString+XL.h */ = {isa = PBXFileReference; fileEncoding = 4; lastKnownFileType = sourcecode.c.h; path = "NSString+XL.h"; sourceTree = "<group>"; };
		359876211D1BA58300C2EC10 /* NSString+XL.m */ = {isa = PBXFileReference; fileEncoding = 4; lastKnownFileType = sourcecode.c.objc; path = "NSString+XL.m"; sourceTree = "<group>"; };
		359876221D1BA58300C2EC10 /* UIButton+XLsn0w.h */ = {isa = PBXFileReference; fileEncoding = 4; lastKnownFileType = sourcecode.c.h; path = "UIButton+XLsn0w.h"; sourceTree = "<group>"; };
		359876231D1BA58300C2EC10 /* UIButton+XLsn0w.m */ = {isa = PBXFileReference; fileEncoding = 4; lastKnownFileType = sourcecode.c.objc; path = "UIButton+XLsn0w.m"; sourceTree = "<group>"; };
		359876241D1BA58300C2EC10 /* UIColor+XLsn0w.h */ = {isa = PBXFileReference; fileEncoding = 4; lastKnownFileType = sourcecode.c.h; path = "UIColor+XLsn0w.h"; sourceTree = "<group>"; };
		359876251D1BA58300C2EC10 /* UIColor+XLsn0w.m */ = {isa = PBXFileReference; fileEncoding = 4; lastKnownFileType = sourcecode.c.objc; path = "UIColor+XLsn0w.m"; sourceTree = "<group>"; };
		359876261D1BA58300C2EC10 /* UIImage+XLImage.h */ = {isa = PBXFileReference; fileEncoding = 4; lastKnownFileType = sourcecode.c.h; path = "UIImage+XLImage.h"; sourceTree = "<group>"; };
		359876271D1BA58300C2EC10 /* UIImage+XLImage.m */ = {isa = PBXFileReference; fileEncoding = 4; lastKnownFileType = sourcecode.c.objc; path = "UIImage+XLImage.m"; sourceTree = "<group>"; };
		359876281D1BA58300C2EC10 /* UIImage+XLsn0w.h */ = {isa = PBXFileReference; fileEncoding = 4; lastKnownFileType = sourcecode.c.h; path = "UIImage+XLsn0w.h"; sourceTree = "<group>"; };
		359876291D1BA58300C2EC10 /* UIImage+XLsn0w.m */ = {isa = PBXFileReference; fileEncoding = 4; lastKnownFileType = sourcecode.c.objc; path = "UIImage+XLsn0w.m"; sourceTree = "<group>"; };
		3598762A1D1BA58300C2EC10 /* UIImageView+XLPlaceholder.h */ = {isa = PBXFileReference; fileEncoding = 4; lastKnownFileType = sourcecode.c.h; path = "UIImageView+XLPlaceholder.h"; sourceTree = "<group>"; };
		3598762B1D1BA58300C2EC10 /* UIImageView+XLPlaceholder.m */ = {isa = PBXFileReference; fileEncoding = 4; lastKnownFileType = sourcecode.c.objc; path = "UIImageView+XLPlaceholder.m"; sourceTree = "<group>"; };
		3598762C1D1BA58300C2EC10 /* UILabel+XLsn0w.h */ = {isa = PBXFileReference; fileEncoding = 4; lastKnownFileType = sourcecode.c.h; path = "UILabel+XLsn0w.h"; sourceTree = "<group>"; };
		3598762D1D1BA58300C2EC10 /* UILabel+XLsn0w.m */ = {isa = PBXFileReference; fileEncoding = 4; lastKnownFileType = sourcecode.c.objc; path = "UILabel+XLsn0w.m"; sourceTree = "<group>"; };
		3598762E1D1BA58300C2EC10 /* UINavigationBar+BarStatus.h */ = {isa = PBXFileReference; fileEncoding = 4; lastKnownFileType = sourcecode.c.h; path = "UINavigationBar+BarStatus.h"; sourceTree = "<group>"; };
		3598762F1D1BA58300C2EC10 /* UINavigationBar+BarStatus.m */ = {isa = PBXFileReference; fileEncoding = 4; lastKnownFileType = sourcecode.c.objc; path = "UINavigationBar+BarStatus.m"; sourceTree = "<group>"; };
		359876301D1BA58300C2EC10 /* UINavigationController+HandleNavBack.h */ = {isa = PBXFileReference; fileEncoding = 4; lastKnownFileType = sourcecode.c.h; path = "UINavigationController+HandleNavBack.h"; sourceTree = "<group>"; };
		359876311D1BA58300C2EC10 /* UINavigationController+HandleNavBack.m */ = {isa = PBXFileReference; fileEncoding = 4; lastKnownFileType = sourcecode.c.objc; path = "UINavigationController+HandleNavBack.m"; sourceTree = "<group>"; };
		359876321D1BA58300C2EC10 /* UITabBarController+NavTabBarItem.h */ = {isa = PBXFileReference; fileEncoding = 4; lastKnownFileType = sourcecode.c.h; path = "UITabBarController+NavTabBarItem.h"; sourceTree = "<group>"; };
		359876331D1BA58300C2EC10 /* UITabBarController+NavTabBarItem.m */ = {isa = PBXFileReference; fileEncoding = 4; lastKnownFileType = sourcecode.c.objc; path = "UITabBarController+NavTabBarItem.m"; sourceTree = "<group>"; };
		359876341D1BA58300C2EC10 /* UIView+XLsn0w.h */ = {isa = PBXFileReference; fileEncoding = 4; lastKnownFileType = sourcecode.c.h; path = "UIView+XLsn0w.h"; sourceTree = "<group>"; };
		359876351D1BA58300C2EC10 /* UIView+XLsn0w.m */ = {isa = PBXFileReference; fileEncoding = 4; lastKnownFileType = sourcecode.c.objc; path = "UIView+XLsn0w.m"; sourceTree = "<group>"; };
		359876361D1BA58300C2EC10 /* UIViewController+SafeTransition.h */ = {isa = PBXFileReference; fileEncoding = 4; lastKnownFileType = sourcecode.c.h; path = "UIViewController+SafeTransition.h"; sourceTree = "<group>"; };
		359876371D1BA58300C2EC10 /* UIViewController+SafeTransition.m */ = {isa = PBXFileReference; fileEncoding = 4; lastKnownFileType = sourcecode.c.objc; path = "UIViewController+SafeTransition.m"; sourceTree = "<group>"; };
		359876381D1BA58300C2EC10 /* User.h */ = {isa = PBXFileReference; fileEncoding = 4; lastKnownFileType = sourcecode.c.h; path = User.h; sourceTree = "<group>"; };
		359876391D1BA58300C2EC10 /* User.m */ = {isa = PBXFileReference; fileEncoding = 4; lastKnownFileType = sourcecode.c.objc; path = User.m; sourceTree = "<group>"; };
		3598763A1D1BA58300C2EC10 /* XLCalendar.h */ = {isa = PBXFileReference; fileEncoding = 4; lastKnownFileType = sourcecode.c.h; path = XLCalendar.h; sourceTree = "<group>"; };
		3598763B1D1BA58300C2EC10 /* XLCalendar.m */ = {isa = PBXFileReference; fileEncoding = 4; lastKnownFileType = sourcecode.c.objc; path = XLCalendar.m; sourceTree = "<group>"; };
		3598763C1D1BA58300C2EC10 /* XLCalendarView.h */ = {isa = PBXFileReference; fileEncoding = 4; lastKnownFileType = sourcecode.c.h; path = XLCalendarView.h; sourceTree = "<group>"; };
		3598763D1D1BA58300C2EC10 /* XLCalendarView.m */ = {isa = PBXFileReference; fileEncoding = 4; lastKnownFileType = sourcecode.c.objc; path = XLCalendarView.m; sourceTree = "<group>"; };
		3598763E1D1BA58300C2EC10 /* XLCollectionViewCell.h */ = {isa = PBXFileReference; fileEncoding = 4; lastKnownFileType = sourcecode.c.h; path = XLCollectionViewCell.h; sourceTree = "<group>"; };
		3598763F1D1BA58300C2EC10 /* XLCollectionViewCell.m */ = {isa = PBXFileReference; fileEncoding = 4; lastKnownFileType = sourcecode.c.objc; path = XLCollectionViewCell.m; sourceTree = "<group>"; };
		359876401D1BA58300C2EC10 /* XLCollectionViewController.h */ = {isa = PBXFileReference; fileEncoding = 4; lastKnownFileType = sourcecode.c.h; path = XLCollectionViewController.h; sourceTree = "<group>"; };
		359876411D1BA58300C2EC10 /* XLCollectionViewController.m */ = {isa = PBXFileReference; fileEncoding = 4; lastKnownFileType = sourcecode.c.objc; path = XLCollectionViewController.m; sourceTree = "<group>"; };
		359876421D1BA58300C2EC10 /* XLDataBase.h */ = {isa = PBXFileReference; fileEncoding = 4; lastKnownFileType = sourcecode.c.h; path = XLDataBase.h; sourceTree = "<group>"; };
		359876431D1BA58300C2EC10 /* XLDataBase.m */ = {isa = PBXFileReference; fileEncoding = 4; lastKnownFileType = sourcecode.c.objc; path = XLDataBase.m; sourceTree = "<group>"; };
		359876441D1BA58300C2EC10 /* XLDateTime.h */ = {isa = PBXFileReference; fileEncoding = 4; lastKnownFileType = sourcecode.c.h; path = XLDateTime.h; sourceTree = "<group>"; };
		359876451D1BA58300C2EC10 /* XLDateTime.m */ = {isa = PBXFileReference; fileEncoding = 4; lastKnownFileType = sourcecode.c.objc; path = XLDateTime.m; sourceTree = "<group>"; };
		359876461D1BA58300C2EC10 /* XLDBModel.h */ = {isa = PBXFileReference; fileEncoding = 4; lastKnownFileType = sourcecode.c.h; path = XLDBModel.h; sourceTree = "<group>"; };
		359876471D1BA58300C2EC10 /* XLDBModel.m */ = {isa = PBXFileReference; fileEncoding = 4; lastKnownFileType = sourcecode.c.objc; path = XLDBModel.m; sourceTree = "<group>"; };
		359876481D1BA58300C2EC10 /* XLDBModelManager.h */ = {isa = PBXFileReference; fileEncoding = 4; lastKnownFileType = sourcecode.c.h; path = XLDBModelManager.h; sourceTree = "<group>"; };
		359876491D1BA58300C2EC10 /* XLDBModelManager.m */ = {isa = PBXFileReference; fileEncoding = 4; lastKnownFileType = sourcecode.c.objc; path = XLDBModelManager.m; sourceTree = "<group>"; };
		3598764A1D1BA58300C2EC10 /* XLMethods.h */ = {isa = PBXFileReference; fileEncoding = 4; lastKnownFileType = sourcecode.c.h; path = XLMethods.h; sourceTree = "<group>"; };
		3598764B1D1BA58300C2EC10 /* XLMethods.m */ = {isa = PBXFileReference; fileEncoding = 4; lastKnownFileType = sourcecode.c.objc; path = XLMethods.m; sourceTree = "<group>"; };
		3598764C1D1BA58300C2EC10 /* XLNavigationController.h */ = {isa = PBXFileReference; fileEncoding = 4; lastKnownFileType = sourcecode.c.h; path = XLNavigationController.h; sourceTree = "<group>"; };
		3598764D1D1BA58300C2EC10 /* XLNavigationController.m */ = {isa = PBXFileReference; fileEncoding = 4; lastKnownFileType = sourcecode.c.objc; path = XLNavigationController.m; sourceTree = "<group>"; };
		3598764E1D1BA58300C2EC10 /* XLNetworkingManager.h */ = {isa = PBXFileReference; fileEncoding = 4; lastKnownFileType = sourcecode.c.h; path = XLNetworkingManager.h; sourceTree = "<group>"; };
		3598764F1D1BA58300C2EC10 /* XLNetworkingManager.m */ = {isa = PBXFileReference; fileEncoding = 4; lastKnownFileType = sourcecode.c.objc; path = XLNetworkingManager.m; sourceTree = "<group>"; };
		359876501D1BA58300C2EC10 /* XLPickerView.h */ = {isa = PBXFileReference; fileEncoding = 4; lastKnownFileType = sourcecode.c.h; path = XLPickerView.h; sourceTree = "<group>"; };
		359876511D1BA58300C2EC10 /* XLPickerView.m */ = {isa = PBXFileReference; fileEncoding = 4; lastKnownFileType = sourcecode.c.objc; path = XLPickerView.m; sourceTree = "<group>"; };
		359876521D1BA58300C2EC10 /* XLSelectSheet.h */ = {isa = PBXFileReference; fileEncoding = 4; lastKnownFileType = sourcecode.c.h; path = XLSelectSheet.h; sourceTree = "<group>"; };
		359876531D1BA58300C2EC10 /* XLSelectSheet.m */ = {isa = PBXFileReference; fileEncoding = 4; lastKnownFileType = sourcecode.c.objc; path = XLSelectSheet.m; sourceTree = "<group>"; };
		359876541D1BA58300C2EC10 /* XLsn0w.h */ = {isa = PBXFileReference; fileEncoding = 4; lastKnownFileType = sourcecode.c.h; path = XLsn0w.h; sourceTree = "<group>"; };
		359876551D1BA58300C2EC10 /* XLTextField.h */ = {isa = PBXFileReference; fileEncoding = 4; lastKnownFileType = sourcecode.c.h; path = XLTextField.h; sourceTree = "<group>"; };
		359876561D1BA58300C2EC10 /* XLTextField.m */ = {isa = PBXFileReference; fileEncoding = 4; lastKnownFileType = sourcecode.c.objc; path = XLTextField.m; sourceTree = "<group>"; };
/* End PBXFileReference section */

/* Begin PBXFrameworksBuildPhase section */
		359875FC1D1BA44200C2EC10 /* Frameworks */ = {
			isa = PBXFrameworksBuildPhase;
			buildActionMask = 2147483647;
			files = (
			);
			runOnlyForDeploymentPostprocessing = 0;
		};
/* End PBXFrameworksBuildPhase section */

/* Begin PBXGroup section */
		359875F61D1BA44200C2EC10 = {
			isa = PBXGroup;
			children = (
				359876011D1BA44200C2EC10 /* XLsn0w */,
				359876001D1BA44200C2EC10 /* Products */,
			);
			sourceTree = "<group>";
		};
		359876001D1BA44200C2EC10 /* Products */ = {
			isa = PBXGroup;
			children = (
				359875FF1D1BA44200C2EC10 /* XLsn0w.app */,
			);
			name = Products;
			sourceTree = "<group>";
		};
		359876011D1BA44200C2EC10 /* XLsn0w */ = {
			isa = PBXGroup;
			children = (
				359876051D1BA44200C2EC10 /* AppDelegate.h */,
				359876061D1BA44200C2EC10 /* AppDelegate.m */,
				359876131D1BA44F00C2EC10 /* XLsn0wViewController.h */,
				359876141D1BA44F00C2EC10 /* XLsn0wViewController.m */,
				359876081D1BA44200C2EC10 /* Assets.xcassets */,
				3598760A1D1BA44200C2EC10 /* LaunchScreen.storyboard */,
				3598760D1D1BA44200C2EC10 /* Info.plist */,
				359876161D1BA58300C2EC10 /* XLsn0w */,
				359876021D1BA44200C2EC10 /* Supporting Files */,
			);
			path = XLsn0w;
			sourceTree = "<group>";
		};
		359876021D1BA44200C2EC10 /* Supporting Files */ = {
			isa = PBXGroup;
			children = (
				359876031D1BA44200C2EC10 /* main.m */,
			);
			name = "Supporting Files";
			sourceTree = "<group>";
		};
		359876161D1BA58300C2EC10 /* XLsn0w */ = {
			isa = PBXGroup;
			children = (
				359876171D1BA58300C2EC10 /* ChineseCalendar.sqlite */,
				359876181D1BA58300C2EC10 /* MBProgressHUD+ShowText.h */,
				359876191D1BA58300C2EC10 /* MBProgressHUD+ShowText.m */,
				3598761A1D1BA58300C2EC10 /* NSArray+XL.h */,
				3598761B1D1BA58300C2EC10 /* NSArray+XL.m */,
				3598761C1D1BA58300C2EC10 /* NSDate+XL.h */,
				3598761D1D1BA58300C2EC10 /* NSDate+XL.m */,
				3598761E1D1BA58300C2EC10 /* NSMutableArray+XL.h */,
				3598761F1D1BA58300C2EC10 /* NSMutableArray+XL.m */,
				359876201D1BA58300C2EC10 /* NSString+XL.h */,
				359876211D1BA58300C2EC10 /* NSString+XL.m */,
				359876221D1BA58300C2EC10 /* UIButton+XLsn0w.h */,
				359876231D1BA58300C2EC10 /* UIButton+XLsn0w.m */,
				359876241D1BA58300C2EC10 /* UIColor+XLsn0w.h */,
				359876251D1BA58300C2EC10 /* UIColor+XLsn0w.m */,
				359876261D1BA58300C2EC10 /* UIImage+XLImage.h */,
				359876271D1BA58300C2EC10 /* UIImage+XLImage.m */,
				359876281D1BA58300C2EC10 /* UIImage+XLsn0w.h */,
				359876291D1BA58300C2EC10 /* UIImage+XLsn0w.m */,
				3598762A1D1BA58300C2EC10 /* UIImageView+XLPlaceholder.h */,
				3598762B1D1BA58300C2EC10 /* UIImageView+XLPlaceholder.m */,
				3598762C1D1BA58300C2EC10 /* UILabel+XLsn0w.h */,
				3598762D1D1BA58300C2EC10 /* UILabel+XLsn0w.m */,
				3598762E1D1BA58300C2EC10 /* UINavigationBar+BarStatus.h */,
				3598762F1D1BA58300C2EC10 /* UINavigationBar+BarStatus.m */,
				359876301D1BA58300C2EC10 /* UINavigationController+HandleNavBack.h */,
				359876311D1BA58300C2EC10 /* UINavigationController+HandleNavBack.m */,
				359876321D1BA58300C2EC10 /* UITabBarController+NavTabBarItem.h */,
				359876331D1BA58300C2EC10 /* UITabBarController+NavTabBarItem.m */,
				359876341D1BA58300C2EC10 /* UIView+XLsn0w.h */,
				359876351D1BA58300C2EC10 /* UIView+XLsn0w.m */,
				359876361D1BA58300C2EC10 /* UIViewController+SafeTransition.h */,
				359876371D1BA58300C2EC10 /* UIViewController+SafeTransition.m */,
				359876381D1BA58300C2EC10 /* User.h */,
				359876391D1BA58300C2EC10 /* User.m */,
				3598763A1D1BA58300C2EC10 /* XLCalendar.h */,
				3598763B1D1BA58300C2EC10 /* XLCalendar.m */,
				3598763C1D1BA58300C2EC10 /* XLCalendarView.h */,
				3598763D1D1BA58300C2EC10 /* XLCalendarView.m */,
				3598763E1D1BA58300C2EC10 /* XLCollectionViewCell.h */,
				3598763F1D1BA58300C2EC10 /* XLCollectionViewCell.m */,
				359876401D1BA58300C2EC10 /* XLCollectionViewController.h */,
				359876411D1BA58300C2EC10 /* XLCollectionViewController.m */,
				359876421D1BA58300C2EC10 /* XLDataBase.h */,
				359876431D1BA58300C2EC10 /* XLDataBase.m */,
				359876441D1BA58300C2EC10 /* XLDateTime.h */,
				359876451D1BA58300C2EC10 /* XLDateTime.m */,
				359876461D1BA58300C2EC10 /* XLDBModel.h */,
				359876471D1BA58300C2EC10 /* XLDBModel.m */,
				359876481D1BA58300C2EC10 /* XLDBModelManager.h */,
				359876491D1BA58300C2EC10 /* XLDBModelManager.m */,
				3598764A1D1BA58300C2EC10 /* XLMethods.h */,
				3598764B1D1BA58300C2EC10 /* XLMethods.m */,
				3598764C1D1BA58300C2EC10 /* XLNavigationController.h */,
				3598764D1D1BA58300C2EC10 /* XLNavigationController.m */,
				3598764E1D1BA58300C2EC10 /* XLNetworkingManager.h */,
				3598764F1D1BA58300C2EC10 /* XLNetworkingManager.m */,
				359876501D1BA58300C2EC10 /* XLPickerView.h */,
				359876511D1BA58300C2EC10 /* XLPickerView.m */,
				359876521D1BA58300C2EC10 /* XLSelectSheet.h */,
				359876531D1BA58300C2EC10 /* XLSelectSheet.m */,
				359876541D1BA58300C2EC10 /* XLsn0w.h */,
				359876551D1BA58300C2EC10 /* XLTextField.h */,
				359876561D1BA58300C2EC10 /* XLTextField.m */,
			);
			path = XLsn0w;
			sourceTree = "<group>";
		};
/* End PBXGroup section */

/* Begin PBXNativeTarget section */
		359875FE1D1BA44200C2EC10 /* XLsn0w */ = {
			isa = PBXNativeTarget;
			buildConfigurationList = 359876101D1BA44200C2EC10 /* Build configuration list for PBXNativeTarget "XLsn0w" */;
			buildPhases = (
				359875FB1D1BA44200C2EC10 /* Sources */,
				359875FC1D1BA44200C2EC10 /* Frameworks */,
				359875FD1D1BA44200C2EC10 /* Resources */,
			);
			buildRules = (
			);
			dependencies = (
			);
			name = XLsn0w;
			productName = XLsn0w;
			productReference = 359875FF1D1BA44200C2EC10 /* XLsn0w.app */;
			productType = "com.apple.product-type.application";
		};
/* End PBXNativeTarget section */

/* Begin PBXProject section */
		359875F71D1BA44200C2EC10 /* Project object */ = {
			isa = PBXProject;
			attributes = {
				LastUpgradeCheck = 0730;
				ORGANIZATIONNAME = XLsn0w;
				TargetAttributes = {
					359875FE1D1BA44200C2EC10 = {
						CreatedOnToolsVersion = 7.3.1;
					};
				};
			};
			buildConfigurationList = 359875FA1D1BA44200C2EC10 /* Build configuration list for PBXProject "XLsn0w" */;
			compatibilityVersion = "Xcode 3.2";
			developmentRegion = English;
			hasScannedForEncodings = 0;
			knownRegions = (
				en,
				Base,
			);
			mainGroup = 359875F61D1BA44200C2EC10;
			productRefGroup = 359876001D1BA44200C2EC10 /* Products */;
			projectDirPath = "";
			projectRoot = "";
			targets = (
				359875FE1D1BA44200C2EC10 /* XLsn0w */,
			);
		};
/* End PBXProject section */

/* Begin PBXResourcesBuildPhase section */
		359875FD1D1BA44200C2EC10 /* Resources */ = {
			isa = PBXResourcesBuildPhase;
			buildActionMask = 2147483647;
			files = (
				359876091D1BA44200C2EC10 /* Assets.xcassets in Resources */,
				3598760C1D1BA44200C2EC10 /* LaunchScreen.storyboard in Resources */,
				359876571D1BA58300C2EC10 /* ChineseCalendar.sqlite in Resources */,
			);
			runOnlyForDeploymentPostprocessing = 0;
		};
/* End PBXResourcesBuildPhase section */

/* Begin PBXSourcesBuildPhase section */
		359875FB1D1BA44200C2EC10 /* Sources */ = {
			isa = PBXSourcesBuildPhase;
			buildActionMask = 2147483647;
			files = (
				359876681D1BA58300C2EC10 /* User.m in Sources */,
				359876641D1BA58300C2EC10 /* UINavigationController+HandleNavBack.m in Sources */,
				3598765D1D1BA58300C2EC10 /* UIButton+XLsn0w.m in Sources */,
				359876151D1BA44F00C2EC10 /* XLsn0wViewController.m in Sources */,
				359876581D1BA58300C2EC10 /* MBProgressHUD+ShowText.m in Sources */,
				359876601D1BA58300C2EC10 /* UIImage+XLsn0w.m in Sources */,
				359876741D1BA58300C2EC10 /* XLPickerView.m in Sources */,
				359876761D1BA58300C2EC10 /* XLTextField.m in Sources */,
				359876751D1BA58300C2EC10 /* XLSelectSheet.m in Sources */,
				3598765E1D1BA58300C2EC10 /* UIColor+XLsn0w.m in Sources */,
				359876661D1BA58300C2EC10 /* UIView+XLsn0w.m in Sources */,
				359876651D1BA58300C2EC10 /* UITabBarController+NavTabBarItem.m in Sources */,
				359876591D1BA58300C2EC10 /* NSArray+XL.m in Sources */,
				359876611D1BA58300C2EC10 /* UIImageView+XLPlaceholder.m in Sources */,
				359876631D1BA58300C2EC10 /* UINavigationBar+BarStatus.m in Sources */,
				359876071D1BA44200C2EC10 /* AppDelegate.m in Sources */,
				359876711D1BA58300C2EC10 /* XLMethods.m in Sources */,
				3598765A1D1BA58300C2EC10 /* NSDate+XL.m in Sources */,
				3598766F1D1BA58300C2EC10 /* XLDBModel.m in Sources */,
				3598766E1D1BA58300C2EC10 /* XLDateTime.m in Sources */,
				359876721D1BA58300C2EC10 /* XLNavigationController.m in Sources */,
				359876731D1BA58300C2EC10 /* XLNetworkingManager.m in Sources */,
				3598766C1D1BA58300C2EC10 /* XLCollectionViewController.m in Sources */,
				3598766A1D1BA58300C2EC10 /* XLCalendarView.m in Sources */,
				359876041D1BA44200C2EC10 /* main.m in Sources */,
				359876701D1BA58300C2EC10 /* XLDBModelManager.m in Sources */,
				359876691D1BA58300C2EC10 /* XLCalendar.m in Sources */,
				3598766B1D1BA58300C2EC10 /* XLCollectionViewCell.m in Sources */,
				359876621D1BA58300C2EC10 /* UILabel+XLsn0w.m in Sources */,
				3598765F1D1BA58300C2EC10 /* UIImage+XLImage.m in Sources */,
				3598765B1D1BA58300C2EC10 /* NSMutableArray+XL.m in Sources */,
				3598766D1D1BA58300C2EC10 /* XLDataBase.m in Sources */,
				359876671D1BA58300C2EC10 /* UIViewController+SafeTransition.m in Sources */,
				3598765C1D1BA58300C2EC10 /* NSString+XL.m in Sources */,
			);
			runOnlyForDeploymentPostprocessing = 0;
		};
/* End PBXSourcesBuildPhase section */

/* Begin PBXVariantGroup section */
		3598760A1D1BA44200C2EC10 /* LaunchScreen.storyboard */ = {
			isa = PBXVariantGroup;
			children = (
				3598760B1D1BA44200C2EC10 /* Base */,
			);
			name = LaunchScreen.storyboard;
			sourceTree = "<group>";
		};
/* End PBXVariantGroup section */

/* Begin XCBuildConfiguration section */
		3598760E1D1BA44200C2EC10 /* Debug */ = {
			isa = XCBuildConfiguration;
			buildSettings = {
				ALWAYS_SEARCH_USER_PATHS = NO;
				CLANG_ANALYZER_NONNULL = YES;
				CLANG_CXX_LANGUAGE_STANDARD = "gnu++0x";
				CLANG_CXX_LIBRARY = "libc++";
				CLANG_ENABLE_MODULES = YES;
				CLANG_ENABLE_OBJC_ARC = YES;
				CLANG_WARN_BOOL_CONVERSION = YES;
				CLANG_WARN_CONSTANT_CONVERSION = YES;
				CLANG_WARN_DIRECT_OBJC_ISA_USAGE = YES_ERROR;
				CLANG_WARN_EMPTY_BODY = YES;
				CLANG_WARN_ENUM_CONVERSION = YES;
				CLANG_WARN_INT_CONVERSION = YES;
				CLANG_WARN_OBJC_ROOT_CLASS = YES_ERROR;
				CLANG_WARN_UNREACHABLE_CODE = YES;
				CLANG_WARN__DUPLICATE_METHOD_MATCH = YES;
				"CODE_SIGN_IDENTITY[sdk=iphoneos*]" = "iPhone Developer";
				COPY_PHASE_STRIP = NO;
				DEBUG_INFORMATION_FORMAT = dwarf;
				ENABLE_STRICT_OBJC_MSGSEND = YES;
				ENABLE_TESTABILITY = YES;
				GCC_C_LANGUAGE_STANDARD = gnu99;
				GCC_DYNAMIC_NO_PIC = NO;
				GCC_NO_COMMON_BLOCKS = YES;
				GCC_OPTIMIZATION_LEVEL = 0;
				GCC_PREPROCESSOR_DEFINITIONS = (
					"DEBUG=1",
					"$(inherited)",
				);
				GCC_WARN_64_TO_32_BIT_CONVERSION = YES;
				GCC_WARN_ABOUT_RETURN_TYPE = YES_ERROR;
				GCC_WARN_UNDECLARED_SELECTOR = YES;
				GCC_WARN_UNINITIALIZED_AUTOS = YES_AGGRESSIVE;
				GCC_WARN_UNUSED_FUNCTION = YES;
				GCC_WARN_UNUSED_VARIABLE = YES;
				IPHONEOS_DEPLOYMENT_TARGET = 9.3;
				MTL_ENABLE_DEBUG_INFO = YES;
				ONLY_ACTIVE_ARCH = YES;
				SDKROOT = iphoneos;
			};
			name = Debug;
		};
		3598760F1D1BA44200C2EC10 /* Release */ = {
			isa = XCBuildConfiguration;
			buildSettings = {
				ALWAYS_SEARCH_USER_PATHS = NO;
				CLANG_ANALYZER_NONNULL = YES;
				CLANG_CXX_LANGUAGE_STANDARD = "gnu++0x";
				CLANG_CXX_LIBRARY = "libc++";
				CLANG_ENABLE_MODULES = YES;
				CLANG_ENABLE_OBJC_ARC = YES;
				CLANG_WARN_BOOL_CONVERSION = YES;
				CLANG_WARN_CONSTANT_CONVERSION = YES;
				CLANG_WARN_DIRECT_OBJC_ISA_USAGE = YES_ERROR;
				CLANG_WARN_EMPTY_BODY = YES;
				CLANG_WARN_ENUM_CONVERSION = YES;
				CLANG_WARN_INT_CONVERSION = YES;
				CLANG_WARN_OBJC_ROOT_CLASS = YES_ERROR;
				CLANG_WARN_UNREACHABLE_CODE = YES;
				CLANG_WARN__DUPLICATE_METHOD_MATCH = YES;
				"CODE_SIGN_IDENTITY[sdk=iphoneos*]" = "iPhone Developer";
				COPY_PHASE_STRIP = NO;
				DEBUG_INFORMATION_FORMAT = "dwarf-with-dsym";
				ENABLE_NS_ASSERTIONS = NO;
				ENABLE_STRICT_OBJC_MSGSEND = YES;
				GCC_C_LANGUAGE_STANDARD = gnu99;
				GCC_NO_COMMON_BLOCKS = YES;
				GCC_WARN_64_TO_32_BIT_CONVERSION = YES;
				GCC_WARN_ABOUT_RETURN_TYPE = YES_ERROR;
				GCC_WARN_UNDECLARED_SELECTOR = YES;
				GCC_WARN_UNINITIALIZED_AUTOS = YES_AGGRESSIVE;
				GCC_WARN_UNUSED_FUNCTION = YES;
				GCC_WARN_UNUSED_VARIABLE = YES;
				IPHONEOS_DEPLOYMENT_TARGET = 9.3;
				MTL_ENABLE_DEBUG_INFO = NO;
				SDKROOT = iphoneos;
				VALIDATE_PRODUCT = YES;
			};
			name = Release;
		};
		359876111D1BA44200C2EC10 /* Debug */ = {
			isa = XCBuildConfiguration;
			buildSettings = {
				ASSETCATALOG_COMPILER_APPICON_NAME = AppIcon;
				INFOPLIST_FILE = XLsn0w/Info.plist;
				LD_RUNPATH_SEARCH_PATHS = "$(inherited) @executable_path/Frameworks";
				PRODUCT_BUNDLE_IDENTIFIER = com.skuo.XLsn0w;
				PRODUCT_NAME = "$(TARGET_NAME)";
			};
			name = Debug;
		};
		359876121D1BA44200C2EC10 /* Release */ = {
			isa = XCBuildConfiguration;
			buildSettings = {
				ASSETCATALOG_COMPILER_APPICON_NAME = AppIcon;
				INFOPLIST_FILE = XLsn0w/Info.plist;
				LD_RUNPATH_SEARCH_PATHS = "$(inherited) @executable_path/Frameworks";
				PRODUCT_BUNDLE_IDENTIFIER = com.skuo.XLsn0w;
				PRODUCT_NAME = "$(TARGET_NAME)";
			};
			name = Release;
		};
/* End XCBuildConfiguration section */

/* Begin XCConfigurationList section */
		359875FA1D1BA44200C2EC10 /* Build configuration list for PBXProject "XLsn0w" */ = {
			isa = XCConfigurationList;
			buildConfigurations = (
				3598760E1D1BA44200C2EC10 /* Debug */,
				3598760F1D1BA44200C2EC10 /* Release */,
			);
			defaultConfigurationIsVisible = 0;
			defaultConfigurationName = Release;
		};
		359876101D1BA44200C2EC10 /* Build configuration list for PBXNativeTarget "XLsn0w" */ = {
			isa = XCConfigurationList;
			buildConfigurations = (
				359876111D1BA44200C2EC10 /* Debug */,
				359876121D1BA44200C2EC10 /* Release */,
			);
			defaultConfigurationIsVisible = 0;
			defaultConfigurationName = Release;
		};
/* End XCConfigurationList section */
	};
	rootObject = 359875F71D1BA44200C2EC10 /* Project object */;
}
